
Microsoft Visual Studio Solution File, Format Version 12.00
# Visual Studio 15
VisualStudioVersion = 15.0.26228.4
MinimumVisualStudioVersion = 10.0.40219.1
Project("{FAE04EC0-301F-11D3-BF4B-00C04F79EFBC}") = "AnimatedForm", "AnimatedForm.csproj", "{57E1436A-3560-4F00-9795-B2842524577D}"
EndProject
Project("{FAE04EC0-301F-11D3-BF4B-00C04F79EFBC}") = "SequencerDemo", "SequencerDemo\SequencerDemo.csproj", "{90480CE5-E392-4713-AB5C-7D659ACA0B85}"
EndProject
Project("{FAE04EC0-301F-11D3-BF4B-00C04F79EFBC}") = "Sanford.Multimedia.Midi", "Sanford.Multimedia.Midi\Sanford.Multimedia.Midi.csproj", "{4269C72A-8D3A-4737-8F89-72EAA33EA9E1}"
EndProject
Project("{FAE04EC0-301F-11D3-BF4B-00C04F79EFBC}") = "Example", "Example\Example.csproj", "{84E44D1B-460F-46AF-A0AA-31735088DE3F}"
EndProject
Project("{FAE04EC0-301F-11D3-BF4B-00C04F79EFBC}") = "QuickFont.Desktop", "QuickFont.Desktop\QuickFont.Desktop.csproj", "{BBECE6FC-EF63-40F8-A734-A500D1DFC1AF}"
EndProject
Project("{FAE04EC0-301F-11D3-BF4B-00C04F79EFBC}") = "Komorebi", "Komorebi\Komorebi.csproj", "{0E4EC81E-2643-4DA8-B4A4-F2E61A1232D4}"
EndProject
Project("{FAE04EC0-301F-11D3-BF4B-00C04F79EFBC}") = "Terrain", "Terrain.csproj", "{D0EAF4B2-6B2E-4524-8F24-6167A798B74E}"
EndProject
Project("{FAE04EC0-301F-11D3-BF4B-00C04F79EFBC}") = "GLGUI.Example", "GLGUI\GLGUI.Example\GLGUI.Example.csproj", "{1A5AACE1-D7FD-4ECA-871D-95881F7D635B}"
EndProject
Project("{FAE04EC0-301F-11D3-BF4B-00C04F79EFBC}") = "GLGUI", "GLGUI\GLGUI\GLGUI.csproj", "{D0281455-4FAF-4AF6-ABE4-8F9E7A25828D}"
EndProject
Global
	GlobalSection(SharedMSBuildProjectFiles) = preSolution
		QuickFont.Shared\QuickFont.Shared.projitems*{bbece6fc-ef63-40f8-a734-a500d1dfc1af}*SharedItemsImports = 4
	EndGlobalSection
	GlobalSection(SolutionConfigurationPlatforms) = preSolution
		Debug|Any CPU = Debug|Any CPU
		Debug|x86 = Debug|x86
		Net20-Debug|Any CPU = Net20-Debug|Any CPU
		Net20-Debug|x86 = Net20-Debug|x86
		Net20-Release|Any CPU = Net20-Release|Any CPU
		Net20-Release|x86 = Net20-Release|x86
		Net45-Debug|Any CPU = Net45-Debug|Any CPU
		Net45-Debug|x86 = Net45-Debug|x86
		Net45-Release|Any CPU = Net45-Release|Any CPU
		Net45-Release|x86 = Net45-Release|x86
		Release|Any CPU = Release|Any CPU
		Release|x86 = Release|x86
	EndGlobalSection
	GlobalSection(ProjectConfigurationPlatforms) = postSolution
		{57E1436A-3560-4F00-9795-B2842524577D}.Debug|Any CPU.ActiveCfg = Debug|Any CPU
		{57E1436A-3560-4F00-9795-B2842524577D}.Debug|Any CPU.Build.0 = Debug|Any CPU
		{57E1436A-3560-4F00-9795-B2842524577D}.Debug|x86.ActiveCfg = Debug|Any CPU
		{57E1436A-3560-4F00-9795-B2842524577D}.Debug|x86.Build.0 = Debug|Any CPU
		{57E1436A-3560-4F00-9795-B2842524577D}.Net20-Debug|Any CPU.ActiveCfg = Debug|Any CPU
		{57E1436A-3560-4F00-9795-B2842524577D}.Net20-Debug|Any CPU.Build.0 = Debug|Any CPU
		{57E1436A-3560-4F00-9795-B2842524577D}.Net20-Debug|x86.ActiveCfg = Debug|Any CPU
		{57E1436A-3560-4F00-9795-B2842524577D}.Net20-Debug|x86.Build.0 = Debug|Any CPU
		{57E1436A-3560-4F00-9795-B2842524577D}.Net20-Release|Any CPU.ActiveCfg = Release|Any CPU
		{57E1436A-3560-4F00-9795-B2842524577D}.Net20-Release|Any CPU.Build.0 = Release|Any CPU
		{57E1436A-3560-4F00-9795-B2842524577D}.Net20-Release|x86.ActiveCfg = Release|Any CPU
		{57E1436A-3560-4F00-9795-B2842524577D}.Net20-Release|x86.Build.0 = Release|Any CPU
		{57E1436A-3560-4F00-9795-B2842524577D}.Net45-Debug|Any CPU.ActiveCfg = Debug|Any CPU
		{57E1436A-3560-4F00-9795-B2842524577D}.Net45-Debug|Any CPU.Build.0 = Debug|Any CPU
		{57E1436A-3560-4F00-9795-B2842524577D}.Net45-Debug|x86.ActiveCfg = Debug|Any CPU
		{57E1436A-3560-4F00-9795-B2842524577D}.Net45-Debug|x86.Build.0 = Debug|Any CPU
		{57E1436A-3560-4F00-9795-B2842524577D}.Net45-Release|Any CPU.ActiveCfg = Release|Any CPU
		{57E1436A-3560-4F00-9795-B2842524577D}.Net45-Release|Any CPU.Build.0 = Release|Any CPU
		{57E1436A-3560-4F00-9795-B2842524577D}.Net45-Release|x86.ActiveCfg = Release|Any CPU
		{57E1436A-3560-4F00-9795-B2842524577D}.Net45-Release|x86.Build.0 = Release|Any CPU
		{57E1436A-3560-4F00-9795-B2842524577D}.Release|Any CPU.ActiveCfg = Release|Any CPU
		{57E1436A-3560-4F00-9795-B2842524577D}.Release|Any CPU.Build.0 = Release|Any CPU
		{57E1436A-3560-4F00-9795-B2842524577D}.Release|x86.ActiveCfg = Release|Any CPU
		{57E1436A-3560-4F00-9795-B2842524577D}.Release|x86.Build.0 = Release|Any CPU
		{90480CE5-E392-4713-AB5C-7D659ACA0B85}.Debug|Any CPU.ActiveCfg = Debug|Any CPU
		{90480CE5-E392-4713-AB5C-7D659ACA0B85}.Debug|Any CPU.Build.0 = Debug|Any CPU
		{90480CE5-E392-4713-AB5C-7D659ACA0B85}.Debug|x86.ActiveCfg = Debug|Any CPU
		{90480CE5-E392-4713-AB5C-7D659ACA0B85}.Debug|x86.Build.0 = Debug|Any CPU
		{90480CE5-E392-4713-AB5C-7D659ACA0B85}.Net20-Debug|Any CPU.ActiveCfg = Debug|Any CPU
		{90480CE5-E392-4713-AB5C-7D659ACA0B85}.Net20-Debug|Any CPU.Build.0 = Debug|Any CPU
		{90480CE5-E392-4713-AB5C-7D659ACA0B85}.Net20-Debug|x86.ActiveCfg = Debug|Any CPU
		{90480CE5-E392-4713-AB5C-7D659ACA0B85}.Net20-Debug|x86.Build.0 = Debug|Any CPU
		{90480CE5-E392-4713-AB5C-7D659ACA0B85}.Net20-Release|Any CPU.ActiveCfg = Release|Any CPU
		{90480CE5-E392-4713-AB5C-7D659ACA0B85}.Net20-Release|Any CPU.Build.0 = Release|Any CPU
		{90480CE5-E392-4713-AB5C-7D659ACA0B85}.Net20-Release|x86.ActiveCfg = Release|Any CPU
		{90480CE5-E392-4713-AB5C-7D659ACA0B85}.Net20-Release|x86.Build.0 = Release|Any CPU
		{90480CE5-E392-4713-AB5C-7D659ACA0B85}.Net45-Debug|Any CPU.ActiveCfg = Debug|Any CPU
		{90480CE5-E392-4713-AB5C-7D659ACA0B85}.Net45-Debug|Any CPU.Build.0 = Debug|Any CPU
		{90480CE5-E392-4713-AB5C-7D659ACA0B85}.Net45-Debug|x86.ActiveCfg = Debug|Any CPU
		{90480CE5-E392-4713-AB5C-7D659ACA0B85}.Net45-Debug|x86.Build.0 = Debug|Any CPU
		{90480CE5-E392-4713-AB5C-7D659ACA0B85}.Net45-Release|Any CPU.ActiveCfg = Release|Any CPU
		{90480CE5-E392-4713-AB5C-7D659ACA0B85}.Net45-Release|Any CPU.Build.0 = Release|Any CPU
		{90480CE5-E392-4713-AB5C-7D659ACA0B85}.Net45-Release|x86.ActiveCfg = Release|Any CPU
		{90480CE5-E392-4713-AB5C-7D659ACA0B85}.Net45-Release|x86.Build.0 = Release|Any CPU
		{90480CE5-E392-4713-AB5C-7D659ACA0B85}.Release|Any CPU.ActiveCfg = Release|Any CPU
		{90480CE5-E392-4713-AB5C-7D659ACA0B85}.Release|Any CPU.Build.0 = Release|Any CPU
		{90480CE5-E392-4713-AB5C-7D659ACA0B85}.Release|x86.ActiveCfg = Release|Any CPU
		{90480CE5-E392-4713-AB5C-7D659ACA0B85}.Release|x86.Build.0 = Release|Any CPU
		{4269C72A-8D3A-4737-8F89-72EAA33EA9E1}.Debug|Any CPU.ActiveCfg = Debug|Any CPU
		{4269C72A-8D3A-4737-8F89-72EAA33EA9E1}.Debug|Any CPU.Build.0 = Debug|Any CPU
		{4269C72A-8D3A-4737-8F89-72EAA33EA9E1}.Debug|x86.ActiveCfg = Debug|Any CPU
		{4269C72A-8D3A-4737-8F89-72EAA33EA9E1}.Debug|x86.Build.0 = Debug|Any CPU
		{4269C72A-8D3A-4737-8F89-72EAA33EA9E1}.Net20-Debug|Any CPU.ActiveCfg = Debug|Any CPU
		{4269C72A-8D3A-4737-8F89-72EAA33EA9E1}.Net20-Debug|Any CPU.Build.0 = Debug|Any CPU
		{4269C72A-8D3A-4737-8F89-72EAA33EA9E1}.Net20-Debug|x86.ActiveCfg = Debug|Any CPU
		{4269C72A-8D3A-4737-8F89-72EAA33EA9E1}.Net20-Debug|x86.Build.0 = Debug|Any CPU
		{4269C72A-8D3A-4737-8F89-72EAA33EA9E1}.Net20-Release|Any CPU.ActiveCfg = Release|Any CPU
		{4269C72A-8D3A-4737-8F89-72EAA33EA9E1}.Net20-Release|Any CPU.Build.0 = Release|Any CPU
		{4269C72A-8D3A-4737-8F89-72EAA33EA9E1}.Net20-Release|x86.ActiveCfg = Release|Any CPU
		{4269C72A-8D3A-4737-8F89-72EAA33EA9E1}.Net20-Release|x86.Build.0 = Release|Any CPU
		{4269C72A-8D3A-4737-8F89-72EAA33EA9E1}.Net45-Debug|Any CPU.ActiveCfg = Debug|Any CPU
		{4269C72A-8D3A-4737-8F89-72EAA33EA9E1}.Net45-Debug|Any CPU.Build.0 = Debug|Any CPU
		{4269C72A-8D3A-4737-8F89-72EAA33EA9E1}.Net45-Debug|x86.ActiveCfg = Debug|Any CPU
		{4269C72A-8D3A-4737-8F89-72EAA33EA9E1}.Net45-Debug|x86.Build.0 = Debug|Any CPU
		{4269C72A-8D3A-4737-8F89-72EAA33EA9E1}.Net45-Release|Any CPU.ActiveCfg = Release|Any CPU
		{4269C72A-8D3A-4737-8F89-72EAA33EA9E1}.Net45-Release|Any CPU.Build.0 = Release|Any CPU
		{4269C72A-8D3A-4737-8F89-72EAA33EA9E1}.Net45-Release|x86.ActiveCfg = Release|Any CPU
		{4269C72A-8D3A-4737-8F89-72EAA33EA9E1}.Net45-Release|x86.Build.0 = Release|Any CPU
		{4269C72A-8D3A-4737-8F89-72EAA33EA9E1}.Release|Any CPU.ActiveCfg = Release|Any CPU
		{4269C72A-8D3A-4737-8F89-72EAA33EA9E1}.Release|Any CPU.Build.0 = Release|Any CPU
		{4269C72A-8D3A-4737-8F89-72EAA33EA9E1}.Release|x86.ActiveCfg = Release|Any CPU
		{4269C72A-8D3A-4737-8F89-72EAA33EA9E1}.Release|x86.Build.0 = Release|Any CPU
		{84E44D1B-460F-46AF-A0AA-31735088DE3F}.Debug|Any CPU.ActiveCfg = Debug|Any CPU
		{84E44D1B-460F-46AF-A0AA-31735088DE3F}.Debug|Any CPU.Build.0 = Debug|Any CPU
		{84E44D1B-460F-46AF-A0AA-31735088DE3F}.Debug|x86.ActiveCfg = Debug|x86
		{84E44D1B-460F-46AF-A0AA-31735088DE3F}.Debug|x86.Build.0 = Debug|x86
		{84E44D1B-460F-46AF-A0AA-31735088DE3F}.Net20-Debug|Any CPU.ActiveCfg = Debug|Any CPU
		{84E44D1B-460F-46AF-A0AA-31735088DE3F}.Net20-Debug|Any CPU.Build.0 = Debug|Any CPU
		{84E44D1B-460F-46AF-A0AA-31735088DE3F}.Net20-Debug|x86.ActiveCfg = Debug|x86
		{84E44D1B-460F-46AF-A0AA-31735088DE3F}.Net20-Debug|x86.Build.0 = Debug|x86
		{84E44D1B-460F-46AF-A0AA-31735088DE3F}.Net20-Release|Any CPU.ActiveCfg = Release|Any CPU
		{84E44D1B-460F-46AF-A0AA-31735088DE3F}.Net20-Release|Any CPU.Build.0 = Release|Any CPU
		{84E44D1B-460F-46AF-A0AA-31735088DE3F}.Net20-Release|x86.ActiveCfg = Release|x86
		{84E44D1B-460F-46AF-A0AA-31735088DE3F}.Net20-Release|x86.Build.0 = Release|x86
		{84E44D1B-460F-46AF-A0AA-31735088DE3F}.Net45-Debug|Any CPU.ActiveCfg = Debug|Any CPU
		{84E44D1B-460F-46AF-A0AA-31735088DE3F}.Net45-Debug|Any CPU.Build.0 = Debug|Any CPU
		{84E44D1B-460F-46AF-A0AA-31735088DE3F}.Net45-Debug|x86.ActiveCfg = Debug|x86
		{84E44D1B-460F-46AF-A0AA-31735088DE3F}.Net45-Debug|x86.Build.0 = Debug|x86
		{84E44D1B-460F-46AF-A0AA-31735088DE3F}.Net45-Release|Any CPU.ActiveCfg = Release|Any CPU
		{84E44D1B-460F-46AF-A0AA-31735088DE3F}.Net45-Release|Any CPU.Build.0 = Release|Any CPU
		{84E44D1B-460F-46AF-A0AA-31735088DE3F}.Net45-Release|x86.ActiveCfg = Release|x86
		{84E44D1B-460F-46AF-A0AA-31735088DE3F}.Net45-Release|x86.Build.0 = Release|x86
		{84E44D1B-460F-46AF-A0AA-31735088DE3F}.Release|Any CPU.ActiveCfg = Release|Any CPU
		{84E44D1B-460F-46AF-A0AA-31735088DE3F}.Release|Any CPU.Build.0 = Release|Any CPU
		{84E44D1B-460F-46AF-A0AA-31735088DE3F}.Release|x86.ActiveCfg = Release|x86
		{84E44D1B-460F-46AF-A0AA-31735088DE3F}.Release|x86.Build.0 = Release|x86
		{BBECE6FC-EF63-40F8-A734-A500D1DFC1AF}.Debug|Any CPU.ActiveCfg = Debug|Any CPU
		{BBECE6FC-EF63-40F8-A734-A500D1DFC1AF}.Debug|Any CPU.Build.0 = Debug|Any CPU
		{BBECE6FC-EF63-40F8-A734-A500D1DFC1AF}.Debug|x86.ActiveCfg = Debug|x86
		{BBECE6FC-EF63-40F8-A734-A500D1DFC1AF}.Debug|x86.Build.0 = Debug|x86
		{BBECE6FC-EF63-40F8-A734-A500D1DFC1AF}.Net20-Debug|Any CPU.ActiveCfg = Debug|Any CPU
		{BBECE6FC-EF63-40F8-A734-A500D1DFC1AF}.Net20-Debug|Any CPU.Build.0 = Debug|Any CPU
		{BBECE6FC-EF63-40F8-A734-A500D1DFC1AF}.Net20-Debug|x86.ActiveCfg = Debug|x86
		{BBECE6FC-EF63-40F8-A734-A500D1DFC1AF}.Net20-Debug|x86.Build.0 = Debug|x86
		{BBECE6FC-EF63-40F8-A734-A500D1DFC1AF}.Net20-Release|Any CPU.ActiveCfg = Release|Any CPU
		{BBECE6FC-EF63-40F8-A734-A500D1DFC1AF}.Net20-Release|Any CPU.Build.0 = Release|Any CPU
		{BBECE6FC-EF63-40F8-A734-A500D1DFC1AF}.Net20-Release|x86.ActiveCfg = Release|x86
		{BBECE6FC-EF63-40F8-A734-A500D1DFC1AF}.Net20-Release|x86.Build.0 = Release|x86
		{BBECE6FC-EF63-40F8-A734-A500D1DFC1AF}.Net45-Debug|Any CPU.ActiveCfg = Debug|Any CPU
		{BBECE6FC-EF63-40F8-A734-A500D1DFC1AF}.Net45-Debug|Any CPU.Build.0 = Debug|Any CPU
		{BBECE6FC-EF63-40F8-A734-A500D1DFC1AF}.Net45-Debug|x86.ActiveCfg = Debug|x86
		{BBECE6FC-EF63-40F8-A734-A500D1DFC1AF}.Net45-Debug|x86.Build.0 = Debug|x86
		{BBECE6FC-EF63-40F8-A734-A500D1DFC1AF}.Net45-Release|Any CPU.ActiveCfg = Release|Any CPU
		{BBECE6FC-EF63-40F8-A734-A500D1DFC1AF}.Net45-Release|Any CPU.Build.0 = Release|Any CPU
		{BBECE6FC-EF63-40F8-A734-A500D1DFC1AF}.Net45-Release|x86.ActiveCfg = Release|x86
		{BBECE6FC-EF63-40F8-A734-A500D1DFC1AF}.Net45-Release|x86.Build.0 = Release|x86
		{BBECE6FC-EF63-40F8-A734-A500D1DFC1AF}.Release|Any CPU.ActiveCfg = Release|Any CPU
		{BBECE6FC-EF63-40F8-A734-A500D1DFC1AF}.Release|Any CPU.Build.0 = Release|Any CPU
		{BBECE6FC-EF63-40F8-A734-A500D1DFC1AF}.Release|x86.ActiveCfg = Release|x86
		{BBECE6FC-EF63-40F8-A734-A500D1DFC1AF}.Release|x86.Build.0 = Release|x86
		{0E4EC81E-2643-4DA8-B4A4-F2E61A1232D4}.Debug|Any CPU.ActiveCfg = Debug|Any CPU
		{0E4EC81E-2643-4DA8-B4A4-F2E61A1232D4}.Debug|Any CPU.Build.0 = Debug|Any CPU
		{0E4EC81E-2643-4DA8-B4A4-F2E61A1232D4}.Debug|x86.ActiveCfg = Debug|Any CPU
		{0E4EC81E-2643-4DA8-B4A4-F2E61A1232D4}.Debug|x86.Build.0 = Debug|Any CPU
		{0E4EC81E-2643-4DA8-B4A4-F2E61A1232D4}.Net20-Debug|Any CPU.ActiveCfg = Debug|Any CPU
		{0E4EC81E-2643-4DA8-B4A4-F2E61A1232D4}.Net20-Debug|Any CPU.Build.0 = Debug|Any CPU
		{0E4EC81E-2643-4DA8-B4A4-F2E61A1232D4}.Net20-Debug|x86.ActiveCfg = Debug|Any CPU
		{0E4EC81E-2643-4DA8-B4A4-F2E61A1232D4}.Net20-Debug|x86.Build.0 = Debug|Any CPU
		{0E4EC81E-2643-4DA8-B4A4-F2E61A1232D4}.Net20-Release|Any CPU.ActiveCfg = Release|Any CPU
		{0E4EC81E-2643-4DA8-B4A4-F2E61A1232D4}.Net20-Release|Any CPU.Build.0 = Release|Any CPU
		{0E4EC81E-2643-4DA8-B4A4-F2E61A1232D4}.Net20-Release|x86.ActiveCfg = Release|Any CPU
		{0E4EC81E-2643-4DA8-B4A4-F2E61A1232D4}.Net20-Release|x86.Build.0 = Release|Any CPU
		{0E4EC81E-2643-4DA8-B4A4-F2E61A1232D4}.Net45-Debug|Any CPU.ActiveCfg = Debug|Any CPU
		{0E4EC81E-2643-4DA8-B4A4-F2E61A1232D4}.Net45-Debug|Any CPU.Build.0 = Debug|Any CPU
		{0E4EC81E-2643-4DA8-B4A4-F2E61A1232D4}.Net45-Debug|x86.ActiveCfg = Debug|Any CPU
		{0E4EC81E-2643-4DA8-B4A4-F2E61A1232D4}.Net45-Debug|x86.Build.0 = Debug|Any CPU
		{0E4EC81E-2643-4DA8-B4A4-F2E61A1232D4}.Net45-Release|Any CPU.ActiveCfg = Release|Any CPU
		{0E4EC81E-2643-4DA8-B4A4-F2E61A1232D4}.Net45-Release|Any CPU.Build.0 = Release|Any CPU
		{0E4EC81E-2643-4DA8-B4A4-F2E61A1232D4}.Net45-Release|x86.ActiveCfg = Release|Any CPU
		{0E4EC81E-2643-4DA8-B4A4-F2E61A1232D4}.Net45-Release|x86.Build.0 = Release|Any CPU
		{0E4EC81E-2643-4DA8-B4A4-F2E61A1232D4}.Release|Any CPU.ActiveCfg = Release|Any CPU
		{0E4EC81E-2643-4DA8-B4A4-F2E61A1232D4}.Release|Any CPU.Build.0 = Release|Any CPU
		{0E4EC81E-2643-4DA8-B4A4-F2E61A1232D4}.Release|x86.ActiveCfg = Release|Any CPU
		{0E4EC81E-2643-4DA8-B4A4-F2E61A1232D4}.Release|x86.Build.0 = Release|Any CPU
		{D0EAF4B2-6B2E-4524-8F24-6167A798B74E}.Debug|Any CPU.ActiveCfg = Debug|x86
		{D0EAF4B2-6B2E-4524-8F24-6167A798B74E}.Debug|x86.ActiveCfg = Debug|x86
		{D0EAF4B2-6B2E-4524-8F24-6167A798B74E}.Debug|x86.Build.0 = Debug|x86
		{D0EAF4B2-6B2E-4524-8F24-6167A798B74E}.Net20-Debug|Any CPU.ActiveCfg = Release|x86
		{D0EAF4B2-6B2E-4524-8F24-6167A798B74E}.Net20-Debug|Any CPU.Build.0 = Release|x86
		{D0EAF4B2-6B2E-4524-8F24-6167A798B74E}.Net20-Debug|x86.ActiveCfg = Debug|x86
		{D0EAF4B2-6B2E-4524-8F24-6167A798B74E}.Net20-Debug|x86.Build.0 = Debug|x86
		{D0EAF4B2-6B2E-4524-8F24-6167A798B74E}.Net20-Release|Any CPU.ActiveCfg = Release|x86
		{D0EAF4B2-6B2E-4524-8F24-6167A798B74E}.Net20-Release|Any CPU.Build.0 = Release|x86
		{D0EAF4B2-6B2E-4524-8F24-6167A798B74E}.Net20-Release|x86.ActiveCfg = Release|x86
		{D0EAF4B2-6B2E-4524-8F24-6167A798B74E}.Net20-Release|x86.Build.0 = Release|x86
		{D0EAF4B2-6B2E-4524-8F24-6167A798B74E}.Net45-Debug|Any CPU.ActiveCfg = Release|x86
		{D0EAF4B2-6B2E-4524-8F24-6167A798B74E}.Net45-Debug|Any CPU.Build.0 = Release|x86
		{D0EAF4B2-6B2E-4524-8F24-6167A798B74E}.Net45-Debug|x86.ActiveCfg = Debug|x86
		{D0EAF4B2-6B2E-4524-8F24-6167A798B74E}.Net45-Debug|x86.Build.0 = Debug|x86
		{D0EAF4B2-6B2E-4524-8F24-6167A798B74E}.Net45-Release|Any CPU.ActiveCfg = Release|x86
		{D0EAF4B2-6B2E-4524-8F24-6167A798B74E}.Net45-Release|Any CPU.Build.0 = Release|x86
		{D0EAF4B2-6B2E-4524-8F24-6167A798B74E}.Net45-Release|x86.ActiveCfg = Release|x86
		{D0EAF4B2-6B2E-4524-8F24-6167A798B74E}.Net45-Release|x86.Build.0 = Release|x86
		{D0EAF4B2-6B2E-4524-8F24-6167A798B74E}.Release|Any CPU.ActiveCfg = Release|x86
		{D0EAF4B2-6B2E-4524-8F24-6167A798B74E}.Release|x86.ActiveCfg = Release|x86
		{D0EAF4B2-6B2E-4524-8F24-6167A798B74E}.Release|x86.Build.0 = Release|x86
		{1A5AACE1-D7FD-4ECA-871D-95881F7D635B}.Debug|Any CPU.ActiveCfg = Debug|x86
		{1A5AACE1-D7FD-4ECA-871D-95881F7D635B}.Debug|x86.ActiveCfg = Debug|x86
		{1A5AACE1-D7FD-4ECA-871D-95881F7D635B}.Debug|x86.Build.0 = Debug|x86
		{1A5AACE1-D7FD-4ECA-871D-95881F7D635B}.Net20-Debug|Any CPU.ActiveCfg = Release|x86
		{1A5AACE1-D7FD-4ECA-871D-95881F7D635B}.Net20-Debug|Any CPU.Build.0 = Release|x86
		{1A5AACE1-D7FD-4ECA-871D-95881F7D635B}.Net20-Debug|x86.ActiveCfg = Debug|x86
		{1A5AACE1-D7FD-4ECA-871D-95881F7D635B}.Net20-Debug|x86.Build.0 = Debug|x86
		{1A5AACE1-D7FD-4ECA-871D-95881F7D635B}.Net20-Release|Any CPU.ActiveCfg = Release|x86
		{1A5AACE1-D7FD-4ECA-871D-95881F7D635B}.Net20-Release|Any CPU.Build.0 = Release|x86
		{1A5AACE1-D7FD-4ECA-871D-95881F7D635B}.Net20-Release|x86.ActiveCfg = Release|x86
		{1A5AACE1-D7FD-4ECA-871D-95881F7D635B}.Net20-Release|x86.Build.0 = Release|x86
		{1A5AACE1-D7FD-4ECA-871D-95881F7D635B}.Net45-Debug|Any CPU.ActiveCfg = Release|x86
		{1A5AACE1-D7FD-4ECA-871D-95881F7D635B}.Net45-Debug|Any CPU.Build.0 = Release|x86
		{1A5AACE1-D7FD-4ECA-871D-95881F7D635B}.Net45-Debug|x86.ActiveCfg = Debug|x86
		{1A5AACE1-D7FD-4ECA-871D-95881F7D635B}.Net45-Debug|x86.Build.0 = Debug|x86
		{1A5AACE1-D7FD-4ECA-871D-95881F7D635B}.Net45-Release|Any CPU.ActiveCfg = Release|x86
		{1A5AACE1-D7FD-4ECA-871D-95881F7D635B}.Net45-Release|Any CPU.Build.0 = Release|x86
		{1A5AACE1-D7FD-4ECA-871D-95881F7D635B}.Net45-Release|x86.ActiveCfg = Release|x86
		{1A5AACE1-D7FD-4ECA-871D-95881F7D635B}.Net45-Release|x86.Build.0 = Release|x86
		{1A5AACE1-D7FD-4ECA-871D-95881F7D635B}.Release|Any CPU.ActiveCfg = Release|x86
		{1A5AACE1-D7FD-4ECA-871D-95881F7D635B}.Release|x86.ActiveCfg = Release|x86
		{1A5AACE1-D7FD-4ECA-871D-95881F7D635B}.Release|x86.Build.0 = Release|x86
		{D0281455-4FAF-4AF6-ABE4-8F9E7A25828D}.Debug|Any CPU.ActiveCfg = Debug|Any CPU
		{D0281455-4FAF-4AF6-ABE4-8F9E7A25828D}.Debug|Any CPU.Build.0 = Debug|Any CPU
		{D0281455-4FAF-4AF6-ABE4-8F9E7A25828D}.Debug|x86.ActiveCfg = Debug|Any CPU
		{D0281455-4FAF-4AF6-ABE4-8F9E7A25828D}.Debug|x86.Build.0 = Debug|Any CPU
		{D0281455-4FAF-4AF6-ABE4-8F9E7A25828D}.Net20-Debug|Any CPU.ActiveCfg = Debug|Any CPU
		{D0281455-4FAF-4AF6-ABE4-8F9E7A25828D}.Net20-Debug|Any CPU.Build.0 = Debug|Any CPU
		{D0281455-4FAF-4AF6-ABE4-8F9E7A25828D}.Net20-Debug|x86.ActiveCfg = Debug|Any CPU
		{D0281455-4FAF-4AF6-ABE4-8F9E7A25828D}.Net20-Debug|x86.Build.0 = Debug|Any CPU
		{D0281455-4FAF-4AF6-ABE4-8F9E7A25828D}.Net20-Release|Any CPU.ActiveCfg = Release|Any CPU
		{D0281455-4FAF-4AF6-ABE4-8F9E7A25828D}.Net20-Release|Any CPU.Build.0 = Release|Any CPU
		{D0281455-4FAF-4AF6-ABE4-8F9E7A25828D}.Net20-Release|x86.ActiveCfg = Release|Any CPU
		{D0281455-4FAF-4AF6-ABE4-8F9E7A25828D}.Net20-Release|x86.Build.0 = Release|Any CPU
		{D0281455-4FAF-4AF6-ABE4-8F9E7A25828D}.Net45-Debug|Any CPU.ActiveCfg = Debug|Any CPU
		{D0281455-4FAF-4AF6-ABE4-8F9E7A25828D}.Net45-Debug|Any CPU.Build.0 = Debug|Any CPU
		{D0281455-4FAF-4AF6-ABE4-8F9E7A25828D}.Net45-Debug|x86.ActiveCfg = Debug|Any CPU
		{D0281455-4FAF-4AF6-ABE4-8F9E7A25828D}.Net45-Debug|x86.Build.0 = Debug|Any CPU
		{D0281455-4FAF-4AF6-ABE4-8F9E7A25828D}.Net45-Release|Any CPU.ActiveCfg = Release|Any CPU
		{D0281455-4FAF-4AF6-ABE4-8F9E7A25828D}.Net45-Release|Any CPU.Build.0 = Release|Any CPU
		{D0281455-4FAF-4AF6-ABE4-8F9E7A25828D}.Net45-Release|x86.ActiveCfg = Release|Any CPU
		{D0281455-4FAF-4AF6-ABE4-8F9E7A25828D}.Net45-Release|x86.Build.0 = Release|Any CPU
		{D0281455-4FAF-4AF6-ABE4-8F9E7A25828D}.Release|Any CPU.ActiveCfg = Release|Any CPU
		{D0281455-4FAF-4AF6-ABE4-8F9E7A25828D}.Release|Any CPU.Build.0 = Release|Any CPU
		{D0281455-4FAF-4AF6-ABE4-8F9E7A25828D}.Release|x86.ActiveCfg = Release|Any CPU
		{D0281455-4FAF-4AF6-ABE4-8F9E7A25828D}.Release|x86.Build.0 = Release|Any CPU
	EndGlobalSection
	GlobalSection(SolutionProperties) = preSolution
		HideSolutionNode = FALSE
	EndGlobalSection
	GlobalSection(ExtensibilityGlobals) = postSolution
		SolutionGuid = {25FA5C22-BB88-4787-9E51-C5153BE1294E}
	EndGlobalSection
EndGlobal
