Microsoft Visual Studio Solution File, Format Version 12.00
# Visual Studio Version 17
VisualStudioVersion = 17.1.32210.238
MinimumVisualStudioVersion = 10.0.40219.1
Project("{FAE04EC0-301F-11D3-BF4B-00C04F79EFBC}") = "SequencerDemo", "SequencerDemo\SequencerDemo.csproj", "{90480CE5-E392-4713-AB5C-7D659ACA0B85}"
EndProject
Project("{FAE04EC0-301F-11D3-BF4B-00C04F79EFBC}") = "Sanford.Multimedia.Midi", "Sanford.Multimedia.Midi\Sanford.Multimedia.Midi.csproj", "{4269C72A-8D3A-4737-8F89-72EAA33EA9E1}"
EndProject
Project("{FAE04EC0-301F-11D3-BF4B-00C04F79EFBC}") = "Example", "Example\Example.csproj", "{84E44D1B-460F-46AF-A0AA-31735088DE3F}"
EndProject
Project("{FAE04EC0-301F-11D3-BF4B-00C04F79EFBC}") = "QuickFont.Desktop", "QuickFont.Desktop\QuickFont.Desktop.csproj", "{BBECE6FC-EF63-40F8-A734-A500D1DFC1AF}"
EndProject
Project("{FAE04EC0-301F-11D3-BF4B-00C04F79EFBC}") = "Terrain", "Terrain.csproj", "{D0EAF4B2-6B2E-4524-8F24-6167A798B74E}"
EndProject
Project("{FAE04EC0-301F-11D3-BF4B-00C04F79EFBC}") = "SimplePaletteQuantizer", "SimplePaletteQuantizerVS2010v5\SimplePaletteQuantizer\SimplePaletteQuantizer.csproj", "{37812A22-91F3-4220-891E-5C26DA64A975}"
EndProject
Project("{FAE04EC0-301F-11D3-BF4B-00C04F79EFBC}") = "Secret-Hipster", "Secret-Hipster-master\Secret-Hipster\Secret-Hipster.csproj", "{39A4D7E3-E271-47AF-A874-486C0242F516}"
EndProject
Project("{2150E333-8FDC-42A3-9474-1A3956D46DE8}") = "Solution Items", "Solution Items", "{435BB1A6-EBA7-4F55-BF99-AF1C65FC43E2}"
EndProject
Project("{FAE04EC0-301F-11D3-BF4B-00C04F79EFBC}") = "PLx", "CSharpProlog\PLx\PLx.csproj", "{E84A59D2-E868-4108-BE9A-55CBB7E85E36}"
EndProject
Project("{9A19103F-16F7-4668-BE54-9A1E7A4F7556}") = "CSProlog", "CSharpProlog\CSProlog\CSProlog.csproj", "{02CC7E7E-ACED-47A3-9A3F-CC7FE448ECBA}"
EndProject
Project("{FAE04EC0-301F-11D3-BF4B-00C04F79EFBC}") = "text_to_speech", "text_to_speech\text_to_speech.csproj", "{B4E8288F-22F4-44DF-9142-5A85DE21E9FC}"
EndProject
Project("{FAE04EC0-301F-11D3-BF4B-00C04F79EFBC}") = "FastBitmapTests", "FastBitmap-master\FastBitmapTests\FastBitmapTests.csproj", "{4D3A1905-DE3D-4EC2-96A7-7F3D78B14D51}"
EndProject
Project("{FAE04EC0-301F-11D3-BF4B-00C04F79EFBC}") = "FastBitmapLib", "FastBitmap-master\FastBitmap\FastBitmapLib.csproj", "{4BCC21C7-7AA5-4C80-BD42-AAB57D5284C1}"
EndProject
Project("{FAE04EC0-301F-11D3-BF4B-00C04F79EFBC}") = "OpenTKTutorial6", "OpenTKTutorial6\OpenTKTutorial6.csproj", "{CE5CD75D-8626-4CD8-83FC-B7A4868DAEC0}"
EndProject
Project("{FAE04EC0-301F-11D3-BF4B-00C04F79EFBC}") = "Conscript", "Conscript\Conscript.csproj", "{EE01F3D5-D9EE-4A5C-B467-9A5705516139}"
EndProject
Project("{FAE04EC0-301F-11D3-BF4B-00C04F79EFBC}") = "ConscriptModules", "ConscriptModules\ConscriptModules.csproj", "{0642CAB6-A4E6-4DCC-8D5D-483017334FDD}"
EndProject
Project("{FAE04EC0-301F-11D3-BF4B-00C04F79EFBC}") = "ConscriptIDE", "ConscriptIDE\ConscriptIDE.csproj", "{B15DE3FB-BFDD-4FA2-B0B8-A362B1FD79FC}"
EndProject
Project("{FAE04EC0-301F-11D3-BF4B-00C04F79EFBC}") = "ConscriptDemo", "ConscriptDemo\ConscriptDemo.csproj", "{E82EA67C-E034-4309-B4C6-AED3D254A357}"
EndProject
Project("{FAE04EC0-301F-11D3-BF4B-00C04F79EFBC}") = "HexGrid", "HexGrid\HexGrid.csproj", "{730CE1A8-6F93-424D-AAF1-057182BC21EF}"
EndProject
Project("{FAE04EC0-301F-11D3-BF4B-00C04F79EFBC}") = "HexGridExample", "HexGridExample\HexGridExample.csproj", "{508A6102-47E9-49BB-ABA6-8FEF7CAFCBEA}"
EndProject
Project("{FAE04EC0-301F-11D3-BF4B-00C04F79EFBC}") = "HexGridTest", "HexGridTest\HexGridTest.csproj", "{5006EA84-39F5-4C19-8A98-8A2B7007B3D8}"
EndProject
Project("{FAE04EC0-301F-11D3-BF4B-00C04F79EFBC}") = "App", "App\App.csproj", "{1D64C161-4597-4C01-BEB9-D5D989420CB6}"
EndProject
Project("{FAE04EC0-301F-11D3-BF4B-00C04F79EFBC}") = "SimpleScene", "SimpleScene-master\SimpleScene\SimpleScene.csproj", "{4A7A056C-CB90-4F29-95DE-EAC471A6CBD7}"
EndProject
Project("{FAE04EC0-301F-11D3-BF4B-00C04F79EFBC}") = "TestBench0", "SimpleScene-master\Demos\TestBench0\TestBench0.csproj", "{E028B740-9EBB-491B-8080-CDED0AAD2F92}"
EndProject
Project("{FAE04EC0-301F-11D3-BF4B-00C04F79EFBC}") = "TestBench1", "SimpleScene-master\Demos\TestBench1\TestBench1.csproj", "{B0CC1037-B38D-4DD1-A912-B1E5C75D7323}"
EndProject
Project("{FAE04EC0-301F-11D3-BF4B-00C04F79EFBC}") = "TestBench2", "SimpleScene-master\Demos\TestBench2\TestBench2.csproj", "{32DBA08D-6204-428F-BDF0-E7CFB8FAB744}"
EndProject
Project("{FAE04EC0-301F-11D3-BF4B-00C04F79EFBC}") = "TestBench3", "SimpleScene-master\Demos\TestBench3\TestBench3.csproj", "{CE20C42F-B4F3-4BF9-B16A-988C2DB2E14A}"
EndProject
Project("{FAE04EC0-301F-11D3-BF4B-00C04F79EFBC}") = "TestBench4", "SimpleScene-master\Demos\TestBench4-BVH\TestBench4.csproj", "{261992D6-E223-4F2F-AC06-9F521716F1FC}"
EndProject
Global
	GlobalSection(SharedMSBuildProjectFiles) = preSolution
		QuickFont.Shared\QuickFont.Shared.projitems*{bbece6fc-ef63-40f8-a734-a500d1dfc1af}*SharedItemsImports = 4
	EndGlobalSection
	GlobalSection(SolutionConfigurationPlatforms) = preSolution
		Debug|Any CPU = Debug|Any CPU
		Debug|x86 = Debug|x86
		Debug-Client|Any CPU = Debug-Client|Any CPU
		Debug-Client|x86 = Debug-Client|x86
		Debug-Server|Any CPU = Debug-Server|Any CPU
		Debug-Server|x86 = Debug-Server|x86
		LibraryRelease|Any CPU = LibraryRelease|Any CPU
		LibraryRelease|x86 = LibraryRelease|x86
		Net20-Debug|Any CPU = Net20-Debug|Any CPU
		Net20-Debug|x86 = Net20-Debug|x86
		Net20-Release|Any CPU = Net20-Release|Any CPU
		Net20-Release|x86 = Net20-Release|x86
		Net45-Debug|Any CPU = Net45-Debug|Any CPU
		Net45-Debug|x86 = Net45-Debug|x86
		Net45-Release|Any CPU = Net45-Release|Any CPU
		Net45-Release|x86 = Net45-Release|x86
		Release|Any CPU = Release|Any CPU
		Release|x86 = Release|x86
	EndGlobalSection
	GlobalSection(ProjectConfigurationPlatforms) = postSolution
		{90480CE5-E392-4713-AB5C-7D659ACA0B85}.Debug|Any CPU.ActiveCfg = Debug|Any CPU
		{90480CE5-E392-4713-AB5C-7D659ACA0B85}.Debug|Any CPU.Build.0 = Debug|Any CPU
		{90480CE5-E392-4713-AB5C-7D659ACA0B85}.Debug|x86.ActiveCfg = Debug|Any CPU
		{90480CE5-E392-4713-AB5C-7D659ACA0B85}.Debug|x86.Build.0 = Debug|Any CPU
		{90480CE5-E392-4713-AB5C-7D659ACA0B85}.Debug-Client|Any CPU.ActiveCfg = Debug|Any CPU
		{90480CE5-E392-4713-AB5C-7D659ACA0B85}.Debug-Client|Any CPU.Build.0 = Debug|Any CPU
		{90480CE5-E392-4713-AB5C-7D659ACA0B85}.Debug-Client|x86.ActiveCfg = Debug|Any CPU
		{90480CE5-E392-4713-AB5C-7D659ACA0B85}.Debug-Client|x86.Build.0 = Debug|Any CPU
		{90480CE5-E392-4713-AB5C-7D659ACA0B85}.Debug-Server|Any CPU.ActiveCfg = Debug|Any CPU
		{90480CE5-E392-4713-AB5C-7D659ACA0B85}.Debug-Server|Any CPU.Build.0 = Debug|Any CPU
		{90480CE5-E392-4713-AB5C-7D659ACA0B85}.Debug-Server|x86.ActiveCfg = Debug|Any CPU
		{90480CE5-E392-4713-AB5C-7D659ACA0B85}.Debug-Server|x86.Build.0 = Debug|Any CPU
		{90480CE5-E392-4713-AB5C-7D659ACA0B85}.LibraryRelease|Any CPU.ActiveCfg = Release|Any CPU
		{90480CE5-E392-4713-AB5C-7D659ACA0B85}.LibraryRelease|Any CPU.Build.0 = Release|Any CPU
		{90480CE5-E392-4713-AB5C-7D659ACA0B85}.LibraryRelease|x86.ActiveCfg = Release|Any CPU
		{90480CE5-E392-4713-AB5C-7D659ACA0B85}.LibraryRelease|x86.Build.0 = Release|Any CPU
		{90480CE5-E392-4713-AB5C-7D659ACA0B85}.Net20-Debug|Any CPU.ActiveCfg = Debug|Any CPU
		{90480CE5-E392-4713-AB5C-7D659ACA0B85}.Net20-Debug|Any CPU.Build.0 = Debug|Any CPU
		{90480CE5-E392-4713-AB5C-7D659ACA0B85}.Net20-Debug|x86.ActiveCfg = Debug|Any CPU
		{90480CE5-E392-4713-AB5C-7D659ACA0B85}.Net20-Debug|x86.Build.0 = Debug|Any CPU
		{90480CE5-E392-4713-AB5C-7D659ACA0B85}.Net20-Release|Any CPU.ActiveCfg = Release|Any CPU
		{90480CE5-E392-4713-AB5C-7D659ACA0B85}.Net20-Release|Any CPU.Build.0 = Release|Any CPU
		{90480CE5-E392-4713-AB5C-7D659ACA0B85}.Net20-Release|x86.ActiveCfg = Release|Any CPU
		{90480CE5-E392-4713-AB5C-7D659ACA0B85}.Net20-Release|x86.Build.0 = Release|Any CPU
		{90480CE5-E392-4713-AB5C-7D659ACA0B85}.Net45-Debug|Any CPU.ActiveCfg = Debug|Any CPU
		{90480CE5-E392-4713-AB5C-7D659ACA0B85}.Net45-Debug|Any CPU.Build.0 = Debug|Any CPU
		{90480CE5-E392-4713-AB5C-7D659ACA0B85}.Net45-Debug|x86.ActiveCfg = Debug|Any CPU
		{90480CE5-E392-4713-AB5C-7D659ACA0B85}.Net45-Debug|x86.Build.0 = Debug|Any CPU
		{90480CE5-E392-4713-AB5C-7D659ACA0B85}.Net45-Release|Any CPU.ActiveCfg = Release|Any CPU
		{90480CE5-E392-4713-AB5C-7D659ACA0B85}.Net45-Release|Any CPU.Build.0 = Release|Any CPU
		{90480CE5-E392-4713-AB5C-7D659ACA0B85}.Net45-Release|x86.ActiveCfg = Release|Any CPU
		{90480CE5-E392-4713-AB5C-7D659ACA0B85}.Net45-Release|x86.Build.0 = Release|Any CPU
		{90480CE5-E392-4713-AB5C-7D659ACA0B85}.Release|Any CPU.ActiveCfg = Release|Any CPU
		{90480CE5-E392-4713-AB5C-7D659ACA0B85}.Release|Any CPU.Build.0 = Release|Any CPU
		{90480CE5-E392-4713-AB5C-7D659ACA0B85}.Release|x86.ActiveCfg = Release|Any CPU
		{90480CE5-E392-4713-AB5C-7D659ACA0B85}.Release|x86.Build.0 = Release|Any CPU
		{4269C72A-8D3A-4737-8F89-72EAA33EA9E1}.Debug|Any CPU.ActiveCfg = Debug|Any CPU
		{4269C72A-8D3A-4737-8F89-72EAA33EA9E1}.Debug|Any CPU.Build.0 = Debug|Any CPU
		{4269C72A-8D3A-4737-8F89-72EAA33EA9E1}.Debug|x86.ActiveCfg = Debug|Any CPU
		{4269C72A-8D3A-4737-8F89-72EAA33EA9E1}.Debug|x86.Build.0 = Debug|Any CPU
		{4269C72A-8D3A-4737-8F89-72EAA33EA9E1}.Debug-Client|Any CPU.ActiveCfg = Debug|Any CPU
		{4269C72A-8D3A-4737-8F89-72EAA33EA9E1}.Debug-Client|Any CPU.Build.0 = Debug|Any CPU
		{4269C72A-8D3A-4737-8F89-72EAA33EA9E1}.Debug-Client|x86.ActiveCfg = Debug|Any CPU
		{4269C72A-8D3A-4737-8F89-72EAA33EA9E1}.Debug-Client|x86.Build.0 = Debug|Any CPU
		{4269C72A-8D3A-4737-8F89-72EAA33EA9E1}.Debug-Server|Any CPU.ActiveCfg = Debug|Any CPU
		{4269C72A-8D3A-4737-8F89-72EAA33EA9E1}.Debug-Server|Any CPU.Build.0 = Debug|Any CPU
		{4269C72A-8D3A-4737-8F89-72EAA33EA9E1}.Debug-Server|x86.ActiveCfg = Debug|Any CPU
		{4269C72A-8D3A-4737-8F89-72EAA33EA9E1}.Debug-Server|x86.Build.0 = Debug|Any CPU
		{4269C72A-8D3A-4737-8F89-72EAA33EA9E1}.LibraryRelease|Any CPU.ActiveCfg = Release|Any CPU
		{4269C72A-8D3A-4737-8F89-72EAA33EA9E1}.LibraryRelease|Any CPU.Build.0 = Release|Any CPU
		{4269C72A-8D3A-4737-8F89-72EAA33EA9E1}.LibraryRelease|x86.ActiveCfg = Release|Any CPU
		{4269C72A-8D3A-4737-8F89-72EAA33EA9E1}.LibraryRelease|x86.Build.0 = Release|Any CPU
		{4269C72A-8D3A-4737-8F89-72EAA33EA9E1}.Net20-Debug|Any CPU.ActiveCfg = Debug|Any CPU
		{4269C72A-8D3A-4737-8F89-72EAA33EA9E1}.Net20-Debug|Any CPU.Build.0 = Debug|Any CPU
		{4269C72A-8D3A-4737-8F89-72EAA33EA9E1}.Net20-Debug|x86.ActiveCfg = Debug|Any CPU
		{4269C72A-8D3A-4737-8F89-72EAA33EA9E1}.Net20-Debug|x86.Build.0 = Debug|Any CPU
		{4269C72A-8D3A-4737-8F89-72EAA33EA9E1}.Net20-Release|Any CPU.ActiveCfg = Release|Any CPU
		{4269C72A-8D3A-4737-8F89-72EAA33EA9E1}.Net20-Release|Any CPU.Build.0 = Release|Any CPU
		{4269C72A-8D3A-4737-8F89-72EAA33EA9E1}.Net20-Release|x86.ActiveCfg = Release|Any CPU
		{4269C72A-8D3A-4737-8F89-72EAA33EA9E1}.Net20-Release|x86.Build.0 = Release|Any CPU
		{4269C72A-8D3A-4737-8F89-72EAA33EA9E1}.Net45-Debug|Any CPU.ActiveCfg = Debug|Any CPU
		{4269C72A-8D3A-4737-8F89-72EAA33EA9E1}.Net45-Debug|Any CPU.Build.0 = Debug|Any CPU
		{4269C72A-8D3A-4737-8F89-72EAA33EA9E1}.Net45-Debug|x86.ActiveCfg = Debug|Any CPU
		{4269C72A-8D3A-4737-8F89-72EAA33EA9E1}.Net45-Debug|x86.Build.0 = Debug|Any CPU
		{4269C72A-8D3A-4737-8F89-72EAA33EA9E1}.Net45-Release|Any CPU.ActiveCfg = Release|Any CPU
		{4269C72A-8D3A-4737-8F89-72EAA33EA9E1}.Net45-Release|Any CPU.Build.0 = Release|Any CPU
		{4269C72A-8D3A-4737-8F89-72EAA33EA9E1}.Net45-Release|x86.ActiveCfg = Release|Any CPU
		{4269C72A-8D3A-4737-8F89-72EAA33EA9E1}.Net45-Release|x86.Build.0 = Release|Any CPU
		{4269C72A-8D3A-4737-8F89-72EAA33EA9E1}.Release|Any CPU.ActiveCfg = Release|Any CPU
		{4269C72A-8D3A-4737-8F89-72EAA33EA9E1}.Release|Any CPU.Build.0 = Release|Any CPU
		{4269C72A-8D3A-4737-8F89-72EAA33EA9E1}.Release|x86.ActiveCfg = Release|Any CPU
		{4269C72A-8D3A-4737-8F89-72EAA33EA9E1}.Release|x86.Build.0 = Release|Any CPU
		{84E44D1B-460F-46AF-A0AA-31735088DE3F}.Debug|Any CPU.ActiveCfg = Debug|Any CPU
		{84E44D1B-460F-46AF-A0AA-31735088DE3F}.Debug|Any CPU.Build.0 = Debug|Any CPU
		{84E44D1B-460F-46AF-A0AA-31735088DE3F}.Debug|x86.ActiveCfg = Debug|x86
		{84E44D1B-460F-46AF-A0AA-31735088DE3F}.Debug|x86.Build.0 = Debug|x86
		{84E44D1B-460F-46AF-A0AA-31735088DE3F}.Debug-Client|Any CPU.ActiveCfg = Debug|Any CPU
		{84E44D1B-460F-46AF-A0AA-31735088DE3F}.Debug-Client|Any CPU.Build.0 = Debug|Any CPU
		{84E44D1B-460F-46AF-A0AA-31735088DE3F}.Debug-Client|x86.ActiveCfg = Debug|x86
		{84E44D1B-460F-46AF-A0AA-31735088DE3F}.Debug-Client|x86.Build.0 = Debug|x86
		{84E44D1B-460F-46AF-A0AA-31735088DE3F}.Debug-Server|Any CPU.ActiveCfg = Debug|Any CPU
		{84E44D1B-460F-46AF-A0AA-31735088DE3F}.Debug-Server|Any CPU.Build.0 = Debug|Any CPU
		{84E44D1B-460F-46AF-A0AA-31735088DE3F}.Debug-Server|x86.ActiveCfg = Debug|x86
		{84E44D1B-460F-46AF-A0AA-31735088DE3F}.Debug-Server|x86.Build.0 = Debug|x86
		{84E44D1B-460F-46AF-A0AA-31735088DE3F}.LibraryRelease|Any CPU.ActiveCfg = Release|Any CPU
		{84E44D1B-460F-46AF-A0AA-31735088DE3F}.LibraryRelease|Any CPU.Build.0 = Release|Any CPU
		{84E44D1B-460F-46AF-A0AA-31735088DE3F}.LibraryRelease|x86.ActiveCfg = Release|x86
		{84E44D1B-460F-46AF-A0AA-31735088DE3F}.LibraryRelease|x86.Build.0 = Release|x86
		{84E44D1B-460F-46AF-A0AA-31735088DE3F}.Net20-Debug|Any CPU.ActiveCfg = Debug|Any CPU
		{84E44D1B-460F-46AF-A0AA-31735088DE3F}.Net20-Debug|Any CPU.Build.0 = Debug|Any CPU
		{84E44D1B-460F-46AF-A0AA-31735088DE3F}.Net20-Debug|x86.ActiveCfg = Debug|x86
		{84E44D1B-460F-46AF-A0AA-31735088DE3F}.Net20-Debug|x86.Build.0 = Debug|x86
		{84E44D1B-460F-46AF-A0AA-31735088DE3F}.Net20-Release|Any CPU.ActiveCfg = Release|Any CPU
		{84E44D1B-460F-46AF-A0AA-31735088DE3F}.Net20-Release|Any CPU.Build.0 = Release|Any CPU
		{84E44D1B-460F-46AF-A0AA-31735088DE3F}.Net20-Release|x86.ActiveCfg = Release|x86
		{84E44D1B-460F-46AF-A0AA-31735088DE3F}.Net20-Release|x86.Build.0 = Release|x86
		{84E44D1B-460F-46AF-A0AA-31735088DE3F}.Net45-Debug|Any CPU.ActiveCfg = Debug|Any CPU
		{84E44D1B-460F-46AF-A0AA-31735088DE3F}.Net45-Debug|Any CPU.Build.0 = Debug|Any CPU
		{84E44D1B-460F-46AF-A0AA-31735088DE3F}.Net45-Debug|x86.ActiveCfg = Debug|x86
		{84E44D1B-460F-46AF-A0AA-31735088DE3F}.Net45-Debug|x86.Build.0 = Debug|x86
		{84E44D1B-460F-46AF-A0AA-31735088DE3F}.Net45-Release|Any CPU.ActiveCfg = Release|Any CPU
		{84E44D1B-460F-46AF-A0AA-31735088DE3F}.Net45-Release|Any CPU.Build.0 = Release|Any CPU
		{84E44D1B-460F-46AF-A0AA-31735088DE3F}.Net45-Release|x86.ActiveCfg = Release|x86
		{84E44D1B-460F-46AF-A0AA-31735088DE3F}.Net45-Release|x86.Build.0 = Release|x86
		{84E44D1B-460F-46AF-A0AA-31735088DE3F}.Release|Any CPU.ActiveCfg = Release|Any CPU
		{84E44D1B-460F-46AF-A0AA-31735088DE3F}.Release|Any CPU.Build.0 = Release|Any CPU
		{84E44D1B-460F-46AF-A0AA-31735088DE3F}.Release|x86.ActiveCfg = Release|x86
		{84E44D1B-460F-46AF-A0AA-31735088DE3F}.Release|x86.Build.0 = Release|x86
		{BBECE6FC-EF63-40F8-A734-A500D1DFC1AF}.Debug|Any CPU.ActiveCfg = Debug|Any CPU
		{BBECE6FC-EF63-40F8-A734-A500D1DFC1AF}.Debug|Any CPU.Build.0 = Debug|Any CPU
		{BBECE6FC-EF63-40F8-A734-A500D1DFC1AF}.Debug|x86.ActiveCfg = Debug|x86
		{BBECE6FC-EF63-40F8-A734-A500D1DFC1AF}.Debug|x86.Build.0 = Debug|x86
		{BBECE6FC-EF63-40F8-A734-A500D1DFC1AF}.Debug-Client|Any CPU.ActiveCfg = Debug|Any CPU
		{BBECE6FC-EF63-40F8-A734-A500D1DFC1AF}.Debug-Client|Any CPU.Build.0 = Debug|Any CPU
		{BBECE6FC-EF63-40F8-A734-A500D1DFC1AF}.Debug-Client|x86.ActiveCfg = Debug|x86
		{BBECE6FC-EF63-40F8-A734-A500D1DFC1AF}.Debug-Client|x86.Build.0 = Debug|x86
		{BBECE6FC-EF63-40F8-A734-A500D1DFC1AF}.Debug-Server|Any CPU.ActiveCfg = Debug|Any CPU
		{BBECE6FC-EF63-40F8-A734-A500D1DFC1AF}.Debug-Server|Any CPU.Build.0 = Debug|Any CPU
		{BBECE6FC-EF63-40F8-A734-A500D1DFC1AF}.Debug-Server|x86.ActiveCfg = Debug|x86
		{BBECE6FC-EF63-40F8-A734-A500D1DFC1AF}.Debug-Server|x86.Build.0 = Debug|x86
		{BBECE6FC-EF63-40F8-A734-A500D1DFC1AF}.LibraryRelease|Any CPU.ActiveCfg = Release|Any CPU
		{BBECE6FC-EF63-40F8-A734-A500D1DFC1AF}.LibraryRelease|Any CPU.Build.0 = Release|Any CPU
		{BBECE6FC-EF63-40F8-A734-A500D1DFC1AF}.LibraryRelease|x86.ActiveCfg = Release|x86
		{BBECE6FC-EF63-40F8-A734-A500D1DFC1AF}.LibraryRelease|x86.Build.0 = Release|x86
		{BBECE6FC-EF63-40F8-A734-A500D1DFC1AF}.Net20-Debug|Any CPU.ActiveCfg = Debug|Any CPU
		{BBECE6FC-EF63-40F8-A734-A500D1DFC1AF}.Net20-Debug|Any CPU.Build.0 = Debug|Any CPU
		{BBECE6FC-EF63-40F8-A734-A500D1DFC1AF}.Net20-Debug|x86.ActiveCfg = Debug|x86
		{BBECE6FC-EF63-40F8-A734-A500D1DFC1AF}.Net20-Debug|x86.Build.0 = Debug|x86
		{BBECE6FC-EF63-40F8-A734-A500D1DFC1AF}.Net20-Release|Any CPU.ActiveCfg = Release|Any CPU
		{BBECE6FC-EF63-40F8-A734-A500D1DFC1AF}.Net20-Release|Any CPU.Build.0 = Release|Any CPU
		{BBECE6FC-EF63-40F8-A734-A500D1DFC1AF}.Net20-Release|x86.ActiveCfg = Release|x86
		{BBECE6FC-EF63-40F8-A734-A500D1DFC1AF}.Net20-Release|x86.Build.0 = Release|x86
		{BBECE6FC-EF63-40F8-A734-A500D1DFC1AF}.Net45-Debug|Any CPU.ActiveCfg = Debug|Any CPU
		{BBECE6FC-EF63-40F8-A734-A500D1DFC1AF}.Net45-Debug|Any CPU.Build.0 = Debug|Any CPU
		{BBECE6FC-EF63-40F8-A734-A500D1DFC1AF}.Net45-Debug|x86.ActiveCfg = Debug|x86
		{BBECE6FC-EF63-40F8-A734-A500D1DFC1AF}.Net45-Debug|x86.Build.0 = Debug|x86
		{BBECE6FC-EF63-40F8-A734-A500D1DFC1AF}.Net45-Release|Any CPU.ActiveCfg = Release|Any CPU
		{BBECE6FC-EF63-40F8-A734-A500D1DFC1AF}.Net45-Release|Any CPU.Build.0 = Release|Any CPU
		{BBECE6FC-EF63-40F8-A734-A500D1DFC1AF}.Net45-Release|x86.ActiveCfg = Release|x86
		{BBECE6FC-EF63-40F8-A734-A500D1DFC1AF}.Net45-Release|x86.Build.0 = Release|x86
		{BBECE6FC-EF63-40F8-A734-A500D1DFC1AF}.Release|Any CPU.ActiveCfg = Release|Any CPU
		{BBECE6FC-EF63-40F8-A734-A500D1DFC1AF}.Release|Any CPU.Build.0 = Release|Any CPU
		{BBECE6FC-EF63-40F8-A734-A500D1DFC1AF}.Release|x86.ActiveCfg = Release|x86
		{BBECE6FC-EF63-40F8-A734-A500D1DFC1AF}.Release|x86.Build.0 = Release|x86
		{D0EAF4B2-6B2E-4524-8F24-6167A798B74E}.Debug|Any CPU.ActiveCfg = Debug|x86
		{D0EAF4B2-6B2E-4524-8F24-6167A798B74E}.Debug|x86.ActiveCfg = Debug|x86
		{D0EAF4B2-6B2E-4524-8F24-6167A798B74E}.Debug|x86.Build.0 = Debug|x86
		{D0EAF4B2-6B2E-4524-8F24-6167A798B74E}.Debug-Client|Any CPU.ActiveCfg = Release|x86
		{D0EAF4B2-6B2E-4524-8F24-6167A798B74E}.Debug-Client|Any CPU.Build.0 = Release|x86
		{D0EAF4B2-6B2E-4524-8F24-6167A798B74E}.Debug-Client|x86.ActiveCfg = Debug|x86
		{D0EAF4B2-6B2E-4524-8F24-6167A798B74E}.Debug-Client|x86.Build.0 = Debug|x86
		{D0EAF4B2-6B2E-4524-8F24-6167A798B74E}.Debug-Server|Any CPU.ActiveCfg = Release|x86
		{D0EAF4B2-6B2E-4524-8F24-6167A798B74E}.Debug-Server|Any CPU.Build.0 = Release|x86
		{D0EAF4B2-6B2E-4524-8F24-6167A798B74E}.Debug-Server|x86.ActiveCfg = Debug|x86
		{D0EAF4B2-6B2E-4524-8F24-6167A798B74E}.Debug-Server|x86.Build.0 = Debug|x86
		{D0EAF4B2-6B2E-4524-8F24-6167A798B74E}.LibraryRelease|Any CPU.ActiveCfg = Release|x86
		{D0EAF4B2-6B2E-4524-8F24-6167A798B74E}.LibraryRelease|Any CPU.Build.0 = Release|x86
		{D0EAF4B2-6B2E-4524-8F24-6167A798B74E}.LibraryRelease|x86.ActiveCfg = Release|x86
		{D0EAF4B2-6B2E-4524-8F24-6167A798B74E}.LibraryRelease|x86.Build.0 = Release|x86
		{D0EAF4B2-6B2E-4524-8F24-6167A798B74E}.Net20-Debug|Any CPU.ActiveCfg = Release|x86
		{D0EAF4B2-6B2E-4524-8F24-6167A798B74E}.Net20-Debug|Any CPU.Build.0 = Release|x86
		{D0EAF4B2-6B2E-4524-8F24-6167A798B74E}.Net20-Debug|x86.ActiveCfg = Debug|x86
		{D0EAF4B2-6B2E-4524-8F24-6167A798B74E}.Net20-Debug|x86.Build.0 = Debug|x86
		{D0EAF4B2-6B2E-4524-8F24-6167A798B74E}.Net20-Release|Any CPU.ActiveCfg = Release|x86
		{D0EAF4B2-6B2E-4524-8F24-6167A798B74E}.Net20-Release|Any CPU.Build.0 = Release|x86
		{D0EAF4B2-6B2E-4524-8F24-6167A798B74E}.Net20-Release|x86.ActiveCfg = Release|x86
		{D0EAF4B2-6B2E-4524-8F24-6167A798B74E}.Net20-Release|x86.Build.0 = Release|x86
		{D0EAF4B2-6B2E-4524-8F24-6167A798B74E}.Net45-Debug|Any CPU.ActiveCfg = Release|x86
		{D0EAF4B2-6B2E-4524-8F24-6167A798B74E}.Net45-Debug|Any CPU.Build.0 = Release|x86
		{D0EAF4B2-6B2E-4524-8F24-6167A798B74E}.Net45-Debug|x86.ActiveCfg = Debug|x86
		{D0EAF4B2-6B2E-4524-8F24-6167A798B74E}.Net45-Debug|x86.Build.0 = Debug|x86
		{D0EAF4B2-6B2E-4524-8F24-6167A798B74E}.Net45-Release|Any CPU.ActiveCfg = Release|x86
		{D0EAF4B2-6B2E-4524-8F24-6167A798B74E}.Net45-Release|Any CPU.Build.0 = Release|x86
		{D0EAF4B2-6B2E-4524-8F24-6167A798B74E}.Net45-Release|x86.ActiveCfg = Release|x86
		{D0EAF4B2-6B2E-4524-8F24-6167A798B74E}.Net45-Release|x86.Build.0 = Release|x86
		{D0EAF4B2-6B2E-4524-8F24-6167A798B74E}.Release|Any CPU.ActiveCfg = Release|x86
		{D0EAF4B2-6B2E-4524-8F24-6167A798B74E}.Release|x86.ActiveCfg = Release|x86
		{D0EAF4B2-6B2E-4524-8F24-6167A798B74E}.Release|x86.Build.0 = Release|x86
		{37812A22-91F3-4220-891E-5C26DA64A975}.Debug|Any CPU.ActiveCfg = Debug|Any CPU
		{37812A22-91F3-4220-891E-5C26DA64A975}.Debug|Any CPU.Build.0 = Debug|Any CPU
		{37812A22-91F3-4220-891E-5C26DA64A975}.Debug|x86.ActiveCfg = Debug|Any CPU
		{37812A22-91F3-4220-891E-5C26DA64A975}.Debug|x86.Build.0 = Debug|Any CPU
		{37812A22-91F3-4220-891E-5C26DA64A975}.Debug-Client|Any CPU.ActiveCfg = Debug|Any CPU
		{37812A22-91F3-4220-891E-5C26DA64A975}.Debug-Client|Any CPU.Build.0 = Debug|Any CPU
		{37812A22-91F3-4220-891E-5C26DA64A975}.Debug-Client|x86.ActiveCfg = Debug|Any CPU
		{37812A22-91F3-4220-891E-5C26DA64A975}.Debug-Client|x86.Build.0 = Debug|Any CPU
		{37812A22-91F3-4220-891E-5C26DA64A975}.Debug-Server|Any CPU.ActiveCfg = Debug|Any CPU
		{37812A22-91F3-4220-891E-5C26DA64A975}.Debug-Server|Any CPU.Build.0 = Debug|Any CPU
		{37812A22-91F3-4220-891E-5C26DA64A975}.Debug-Server|x86.ActiveCfg = Debug|Any CPU
		{37812A22-91F3-4220-891E-5C26DA64A975}.Debug-Server|x86.Build.0 = Debug|Any CPU
		{37812A22-91F3-4220-891E-5C26DA64A975}.LibraryRelease|Any CPU.ActiveCfg = Release|Any CPU
		{37812A22-91F3-4220-891E-5C26DA64A975}.LibraryRelease|Any CPU.Build.0 = Release|Any CPU
		{37812A22-91F3-4220-891E-5C26DA64A975}.LibraryRelease|x86.ActiveCfg = Release|Any CPU
		{37812A22-91F3-4220-891E-5C26DA64A975}.LibraryRelease|x86.Build.0 = Release|Any CPU
		{37812A22-91F3-4220-891E-5C26DA64A975}.Net20-Debug|Any CPU.ActiveCfg = Debug|Any CPU
		{37812A22-91F3-4220-891E-5C26DA64A975}.Net20-Debug|Any CPU.Build.0 = Debug|Any CPU
		{37812A22-91F3-4220-891E-5C26DA64A975}.Net20-Debug|x86.ActiveCfg = Debug|Any CPU
		{37812A22-91F3-4220-891E-5C26DA64A975}.Net20-Debug|x86.Build.0 = Debug|Any CPU
		{37812A22-91F3-4220-891E-5C26DA64A975}.Net20-Release|Any CPU.ActiveCfg = Release|Any CPU
		{37812A22-91F3-4220-891E-5C26DA64A975}.Net20-Release|Any CPU.Build.0 = Release|Any CPU
		{37812A22-91F3-4220-891E-5C26DA64A975}.Net20-Release|x86.ActiveCfg = Release|Any CPU
		{37812A22-91F3-4220-891E-5C26DA64A975}.Net20-Release|x86.Build.0 = Release|Any CPU
		{37812A22-91F3-4220-891E-5C26DA64A975}.Net45-Debug|Any CPU.ActiveCfg = Debug|Any CPU
		{37812A22-91F3-4220-891E-5C26DA64A975}.Net45-Debug|Any CPU.Build.0 = Debug|Any CPU
		{37812A22-91F3-4220-891E-5C26DA64A975}.Net45-Debug|x86.ActiveCfg = Debug|Any CPU
		{37812A22-91F3-4220-891E-5C26DA64A975}.Net45-Debug|x86.Build.0 = Debug|Any CPU
		{37812A22-91F3-4220-891E-5C26DA64A975}.Net45-Release|Any CPU.ActiveCfg = Release|Any CPU
		{37812A22-91F3-4220-891E-5C26DA64A975}.Net45-Release|Any CPU.Build.0 = Release|Any CPU
		{37812A22-91F3-4220-891E-5C26DA64A975}.Net45-Release|x86.ActiveCfg = Release|Any CPU
		{37812A22-91F3-4220-891E-5C26DA64A975}.Net45-Release|x86.Build.0 = Release|Any CPU
		{37812A22-91F3-4220-891E-5C26DA64A975}.Release|Any CPU.ActiveCfg = Release|Any CPU
		{37812A22-91F3-4220-891E-5C26DA64A975}.Release|Any CPU.Build.0 = Release|Any CPU
		{37812A22-91F3-4220-891E-5C26DA64A975}.Release|x86.ActiveCfg = Release|Any CPU
		{37812A22-91F3-4220-891E-5C26DA64A975}.Release|x86.Build.0 = Release|Any CPU
		{39A4D7E3-E271-47AF-A874-486C0242F516}.Debug|Any CPU.ActiveCfg = Debug|Any CPU
		{39A4D7E3-E271-47AF-A874-486C0242F516}.Debug|Any CPU.Build.0 = Debug|Any CPU
		{39A4D7E3-E271-47AF-A874-486C0242F516}.Debug|x86.ActiveCfg = Debug|Any CPU
		{39A4D7E3-E271-47AF-A874-486C0242F516}.Debug|x86.Build.0 = Debug|Any CPU
		{39A4D7E3-E271-47AF-A874-486C0242F516}.Debug-Client|Any CPU.ActiveCfg = Debug|Any CPU
		{39A4D7E3-E271-47AF-A874-486C0242F516}.Debug-Client|Any CPU.Build.0 = Debug|Any CPU
		{39A4D7E3-E271-47AF-A874-486C0242F516}.Debug-Client|x86.ActiveCfg = Debug|Any CPU
		{39A4D7E3-E271-47AF-A874-486C0242F516}.Debug-Client|x86.Build.0 = Debug|Any CPU
		{39A4D7E3-E271-47AF-A874-486C0242F516}.Debug-Server|Any CPU.ActiveCfg = Debug|Any CPU
		{39A4D7E3-E271-47AF-A874-486C0242F516}.Debug-Server|Any CPU.Build.0 = Debug|Any CPU
		{39A4D7E3-E271-47AF-A874-486C0242F516}.Debug-Server|x86.ActiveCfg = Debug|Any CPU
		{39A4D7E3-E271-47AF-A874-486C0242F516}.Debug-Server|x86.Build.0 = Debug|Any CPU
		{39A4D7E3-E271-47AF-A874-486C0242F516}.LibraryRelease|Any CPU.ActiveCfg = Release|Any CPU
		{39A4D7E3-E271-47AF-A874-486C0242F516}.LibraryRelease|Any CPU.Build.0 = Release|Any CPU
		{39A4D7E3-E271-47AF-A874-486C0242F516}.LibraryRelease|x86.ActiveCfg = Release|Any CPU
		{39A4D7E3-E271-47AF-A874-486C0242F516}.LibraryRelease|x86.Build.0 = Release|Any CPU
		{39A4D7E3-E271-47AF-A874-486C0242F516}.Net20-Debug|Any CPU.ActiveCfg = Debug|Any CPU
		{39A4D7E3-E271-47AF-A874-486C0242F516}.Net20-Debug|Any CPU.Build.0 = Debug|Any CPU
		{39A4D7E3-E271-47AF-A874-486C0242F516}.Net20-Debug|x86.ActiveCfg = Debug|Any CPU
		{39A4D7E3-E271-47AF-A874-486C0242F516}.Net20-Debug|x86.Build.0 = Debug|Any CPU
		{39A4D7E3-E271-47AF-A874-486C0242F516}.Net20-Release|Any CPU.ActiveCfg = Release|Any CPU
		{39A4D7E3-E271-47AF-A874-486C0242F516}.Net20-Release|Any CPU.Build.0 = Release|Any CPU
		{39A4D7E3-E271-47AF-A874-486C0242F516}.Net20-Release|x86.ActiveCfg = Release|Any CPU
		{39A4D7E3-E271-47AF-A874-486C0242F516}.Net20-Release|x86.Build.0 = Release|Any CPU
		{39A4D7E3-E271-47AF-A874-486C0242F516}.Net45-Debug|Any CPU.ActiveCfg = Debug|Any CPU
		{39A4D7E3-E271-47AF-A874-486C0242F516}.Net45-Debug|Any CPU.Build.0 = Debug|Any CPU
		{39A4D7E3-E271-47AF-A874-486C0242F516}.Net45-Debug|x86.ActiveCfg = Debug|Any CPU
		{39A4D7E3-E271-47AF-A874-486C0242F516}.Net45-Debug|x86.Build.0 = Debug|Any CPU
		{39A4D7E3-E271-47AF-A874-486C0242F516}.Net45-Release|Any CPU.ActiveCfg = Release|Any CPU
		{39A4D7E3-E271-47AF-A874-486C0242F516}.Net45-Release|Any CPU.Build.0 = Release|Any CPU
		{39A4D7E3-E271-47AF-A874-486C0242F516}.Net45-Release|x86.ActiveCfg = Release|Any CPU
		{39A4D7E3-E271-47AF-A874-486C0242F516}.Net45-Release|x86.Build.0 = Release|Any CPU
		{39A4D7E3-E271-47AF-A874-486C0242F516}.Release|Any CPU.ActiveCfg = Release|Any CPU
		{39A4D7E3-E271-47AF-A874-486C0242F516}.Release|Any CPU.Build.0 = Release|Any CPU
		{39A4D7E3-E271-47AF-A874-486C0242F516}.Release|x86.ActiveCfg = Release|Any CPU
		{39A4D7E3-E271-47AF-A874-486C0242F516}.Release|x86.Build.0 = Release|Any CPU
		{E84A59D2-E868-4108-BE9A-55CBB7E85E36}.Debug|Any CPU.ActiveCfg = Debug|Any CPU
		{E84A59D2-E868-4108-BE9A-55CBB7E85E36}.Debug|Any CPU.Build.0 = Debug|Any CPU
		{E84A59D2-E868-4108-BE9A-55CBB7E85E36}.Debug|x86.ActiveCfg = Debug|Any CPU
		{E84A59D2-E868-4108-BE9A-55CBB7E85E36}.Debug|x86.Build.0 = Debug|Any CPU
		{E84A59D2-E868-4108-BE9A-55CBB7E85E36}.Debug-Client|Any CPU.ActiveCfg = Debug|Any CPU
		{E84A59D2-E868-4108-BE9A-55CBB7E85E36}.Debug-Client|Any CPU.Build.0 = Debug|Any CPU
		{E84A59D2-E868-4108-BE9A-55CBB7E85E36}.Debug-Client|x86.ActiveCfg = Debug|Any CPU
		{E84A59D2-E868-4108-BE9A-55CBB7E85E36}.Debug-Client|x86.Build.0 = Debug|Any CPU
		{E84A59D2-E868-4108-BE9A-55CBB7E85E36}.Debug-Server|Any CPU.ActiveCfg = Debug|Any CPU
		{E84A59D2-E868-4108-BE9A-55CBB7E85E36}.Debug-Server|Any CPU.Build.0 = Debug|Any CPU
		{E84A59D2-E868-4108-BE9A-55CBB7E85E36}.Debug-Server|x86.ActiveCfg = Debug|Any CPU
		{E84A59D2-E868-4108-BE9A-55CBB7E85E36}.Debug-Server|x86.Build.0 = Debug|Any CPU
		{E84A59D2-E868-4108-BE9A-55CBB7E85E36}.LibraryRelease|Any CPU.ActiveCfg = Release|Any CPU
		{E84A59D2-E868-4108-BE9A-55CBB7E85E36}.LibraryRelease|Any CPU.Build.0 = Release|Any CPU
		{E84A59D2-E868-4108-BE9A-55CBB7E85E36}.LibraryRelease|x86.ActiveCfg = Release|Any CPU
		{E84A59D2-E868-4108-BE9A-55CBB7E85E36}.LibraryRelease|x86.Build.0 = Release|Any CPU
		{E84A59D2-E868-4108-BE9A-55CBB7E85E36}.Net20-Debug|Any CPU.ActiveCfg = Debug|Any CPU
		{E84A59D2-E868-4108-BE9A-55CBB7E85E36}.Net20-Debug|Any CPU.Build.0 = Debug|Any CPU
		{E84A59D2-E868-4108-BE9A-55CBB7E85E36}.Net20-Debug|x86.ActiveCfg = Debug|Any CPU
		{E84A59D2-E868-4108-BE9A-55CBB7E85E36}.Net20-Debug|x86.Build.0 = Debug|Any CPU
		{E84A59D2-E868-4108-BE9A-55CBB7E85E36}.Net20-Release|Any CPU.ActiveCfg = Release|Any CPU
		{E84A59D2-E868-4108-BE9A-55CBB7E85E36}.Net20-Release|Any CPU.Build.0 = Release|Any CPU
		{E84A59D2-E868-4108-BE9A-55CBB7E85E36}.Net20-Release|x86.ActiveCfg = Release|Any CPU
		{E84A59D2-E868-4108-BE9A-55CBB7E85E36}.Net20-Release|x86.Build.0 = Release|Any CPU
		{E84A59D2-E868-4108-BE9A-55CBB7E85E36}.Net45-Debug|Any CPU.ActiveCfg = Debug|Any CPU
		{E84A59D2-E868-4108-BE9A-55CBB7E85E36}.Net45-Debug|Any CPU.Build.0 = Debug|Any CPU
		{E84A59D2-E868-4108-BE9A-55CBB7E85E36}.Net45-Debug|x86.ActiveCfg = Debug|Any CPU
		{E84A59D2-E868-4108-BE9A-55CBB7E85E36}.Net45-Debug|x86.Build.0 = Debug|Any CPU
		{E84A59D2-E868-4108-BE9A-55CBB7E85E36}.Net45-Release|Any CPU.ActiveCfg = Release|Any CPU
		{E84A59D2-E868-4108-BE9A-55CBB7E85E36}.Net45-Release|Any CPU.Build.0 = Release|Any CPU
		{E84A59D2-E868-4108-BE9A-55CBB7E85E36}.Net45-Release|x86.ActiveCfg = Release|Any CPU
		{E84A59D2-E868-4108-BE9A-55CBB7E85E36}.Net45-Release|x86.Build.0 = Release|Any CPU
		{E84A59D2-E868-4108-BE9A-55CBB7E85E36}.Release|Any CPU.ActiveCfg = Release|Any CPU
		{E84A59D2-E868-4108-BE9A-55CBB7E85E36}.Release|Any CPU.Build.0 = Release|Any CPU
		{E84A59D2-E868-4108-BE9A-55CBB7E85E36}.Release|x86.ActiveCfg = Release|Any CPU
		{E84A59D2-E868-4108-BE9A-55CBB7E85E36}.Release|x86.Build.0 = Release|Any CPU
		{02CC7E7E-ACED-47A3-9A3F-CC7FE448ECBA}.Debug|Any CPU.ActiveCfg = Debug|Any CPU
		{02CC7E7E-ACED-47A3-9A3F-CC7FE448ECBA}.Debug|Any CPU.Build.0 = Debug|Any CPU
		{02CC7E7E-ACED-47A3-9A3F-CC7FE448ECBA}.Debug|x86.ActiveCfg = Debug|Any CPU
		{02CC7E7E-ACED-47A3-9A3F-CC7FE448ECBA}.Debug|x86.Build.0 = Debug|Any CPU
		{02CC7E7E-ACED-47A3-9A3F-CC7FE448ECBA}.Debug-Client|Any CPU.ActiveCfg = Debug|Any CPU
		{02CC7E7E-ACED-47A3-9A3F-CC7FE448ECBA}.Debug-Client|Any CPU.Build.0 = Debug|Any CPU
		{02CC7E7E-ACED-47A3-9A3F-CC7FE448ECBA}.Debug-Client|x86.ActiveCfg = Debug|Any CPU
		{02CC7E7E-ACED-47A3-9A3F-CC7FE448ECBA}.Debug-Client|x86.Build.0 = Debug|Any CPU
		{02CC7E7E-ACED-47A3-9A3F-CC7FE448ECBA}.Debug-Server|Any CPU.ActiveCfg = Debug|Any CPU
		{02CC7E7E-ACED-47A3-9A3F-CC7FE448ECBA}.Debug-Server|Any CPU.Build.0 = Debug|Any CPU
		{02CC7E7E-ACED-47A3-9A3F-CC7FE448ECBA}.Debug-Server|x86.ActiveCfg = Debug|Any CPU
		{02CC7E7E-ACED-47A3-9A3F-CC7FE448ECBA}.Debug-Server|x86.Build.0 = Debug|Any CPU
		{02CC7E7E-ACED-47A3-9A3F-CC7FE448ECBA}.LibraryRelease|Any CPU.ActiveCfg = Release|Any CPU
		{02CC7E7E-ACED-47A3-9A3F-CC7FE448ECBA}.LibraryRelease|Any CPU.Build.0 = Release|Any CPU
		{02CC7E7E-ACED-47A3-9A3F-CC7FE448ECBA}.LibraryRelease|x86.ActiveCfg = Release|Any CPU
		{02CC7E7E-ACED-47A3-9A3F-CC7FE448ECBA}.LibraryRelease|x86.Build.0 = Release|Any CPU
		{02CC7E7E-ACED-47A3-9A3F-CC7FE448ECBA}.Net20-Debug|Any CPU.ActiveCfg = Debug|Any CPU
		{02CC7E7E-ACED-47A3-9A3F-CC7FE448ECBA}.Net20-Debug|Any CPU.Build.0 = Debug|Any CPU
		{02CC7E7E-ACED-47A3-9A3F-CC7FE448ECBA}.Net20-Debug|x86.ActiveCfg = Debug|Any CPU
		{02CC7E7E-ACED-47A3-9A3F-CC7FE448ECBA}.Net20-Debug|x86.Build.0 = Debug|Any CPU
		{02CC7E7E-ACED-47A3-9A3F-CC7FE448ECBA}.Net20-Release|Any CPU.ActiveCfg = Release|Any CPU
		{02CC7E7E-ACED-47A3-9A3F-CC7FE448ECBA}.Net20-Release|Any CPU.Build.0 = Release|Any CPU
		{02CC7E7E-ACED-47A3-9A3F-CC7FE448ECBA}.Net20-Release|x86.ActiveCfg = Release|Any CPU
		{02CC7E7E-ACED-47A3-9A3F-CC7FE448ECBA}.Net20-Release|x86.Build.0 = Release|Any CPU
		{02CC7E7E-ACED-47A3-9A3F-CC7FE448ECBA}.Net45-Debug|Any CPU.ActiveCfg = Debug|Any CPU
		{02CC7E7E-ACED-47A3-9A3F-CC7FE448ECBA}.Net45-Debug|Any CPU.Build.0 = Debug|Any CPU
		{02CC7E7E-ACED-47A3-9A3F-CC7FE448ECBA}.Net45-Debug|x86.ActiveCfg = Debug|Any CPU
		{02CC7E7E-ACED-47A3-9A3F-CC7FE448ECBA}.Net45-Debug|x86.Build.0 = Debug|Any CPU
		{02CC7E7E-ACED-47A3-9A3F-CC7FE448ECBA}.Net45-Release|Any CPU.ActiveCfg = Release|Any CPU
		{02CC7E7E-ACED-47A3-9A3F-CC7FE448ECBA}.Net45-Release|Any CPU.Build.0 = Release|Any CPU
		{02CC7E7E-ACED-47A3-9A3F-CC7FE448ECBA}.Net45-Release|x86.ActiveCfg = Release|Any CPU
		{02CC7E7E-ACED-47A3-9A3F-CC7FE448ECBA}.Net45-Release|x86.Build.0 = Release|Any CPU
		{02CC7E7E-ACED-47A3-9A3F-CC7FE448ECBA}.Release|Any CPU.ActiveCfg = Release|Any CPU
		{02CC7E7E-ACED-47A3-9A3F-CC7FE448ECBA}.Release|Any CPU.Build.0 = Release|Any CPU
		{02CC7E7E-ACED-47A3-9A3F-CC7FE448ECBA}.Release|x86.ActiveCfg = Release|Any CPU
		{02CC7E7E-ACED-47A3-9A3F-CC7FE448ECBA}.Release|x86.Build.0 = Release|Any CPU
		{B4E8288F-22F4-44DF-9142-5A85DE21E9FC}.Debug|Any CPU.ActiveCfg = Debug|x86
		{B4E8288F-22F4-44DF-9142-5A85DE21E9FC}.Debug|Any CPU.Build.0 = Debug|x86
		{B4E8288F-22F4-44DF-9142-5A85DE21E9FC}.Debug|x86.ActiveCfg = Debug|x86
		{B4E8288F-22F4-44DF-9142-5A85DE21E9FC}.Debug|x86.Build.0 = Debug|x86
		{B4E8288F-22F4-44DF-9142-5A85DE21E9FC}.Debug-Client|Any CPU.ActiveCfg = Release|x86
		{B4E8288F-22F4-44DF-9142-5A85DE21E9FC}.Debug-Client|Any CPU.Build.0 = Release|x86
		{B4E8288F-22F4-44DF-9142-5A85DE21E9FC}.Debug-Client|x86.ActiveCfg = Debug|x86
		{B4E8288F-22F4-44DF-9142-5A85DE21E9FC}.Debug-Client|x86.Build.0 = Debug|x86
		{B4E8288F-22F4-44DF-9142-5A85DE21E9FC}.Debug-Server|Any CPU.ActiveCfg = Release|x86
		{B4E8288F-22F4-44DF-9142-5A85DE21E9FC}.Debug-Server|Any CPU.Build.0 = Release|x86
		{B4E8288F-22F4-44DF-9142-5A85DE21E9FC}.Debug-Server|x86.ActiveCfg = Debug|x86
		{B4E8288F-22F4-44DF-9142-5A85DE21E9FC}.Debug-Server|x86.Build.0 = Debug|x86
		{B4E8288F-22F4-44DF-9142-5A85DE21E9FC}.LibraryRelease|Any CPU.ActiveCfg = Debug|x86
		{B4E8288F-22F4-44DF-9142-5A85DE21E9FC}.LibraryRelease|Any CPU.Build.0 = Debug|x86
		{B4E8288F-22F4-44DF-9142-5A85DE21E9FC}.LibraryRelease|x86.ActiveCfg = Release|x86
		{B4E8288F-22F4-44DF-9142-5A85DE21E9FC}.LibraryRelease|x86.Build.0 = Release|x86
		{B4E8288F-22F4-44DF-9142-5A85DE21E9FC}.Net20-Debug|Any CPU.ActiveCfg = Debug|x86
		{B4E8288F-22F4-44DF-9142-5A85DE21E9FC}.Net20-Debug|Any CPU.Build.0 = Debug|x86
		{B4E8288F-22F4-44DF-9142-5A85DE21E9FC}.Net20-Debug|x86.ActiveCfg = Debug|x86
		{B4E8288F-22F4-44DF-9142-5A85DE21E9FC}.Net20-Debug|x86.Build.0 = Debug|x86
		{B4E8288F-22F4-44DF-9142-5A85DE21E9FC}.Net20-Release|Any CPU.ActiveCfg = Debug|x86
		{B4E8288F-22F4-44DF-9142-5A85DE21E9FC}.Net20-Release|Any CPU.Build.0 = Debug|x86
		{B4E8288F-22F4-44DF-9142-5A85DE21E9FC}.Net20-Release|x86.ActiveCfg = Release|x86
		{B4E8288F-22F4-44DF-9142-5A85DE21E9FC}.Net20-Release|x86.Build.0 = Release|x86
		{B4E8288F-22F4-44DF-9142-5A85DE21E9FC}.Net45-Debug|Any CPU.ActiveCfg = Debug|x86
		{B4E8288F-22F4-44DF-9142-5A85DE21E9FC}.Net45-Debug|Any CPU.Build.0 = Debug|x86
		{B4E8288F-22F4-44DF-9142-5A85DE21E9FC}.Net45-Debug|x86.ActiveCfg = Debug|x86
		{B4E8288F-22F4-44DF-9142-5A85DE21E9FC}.Net45-Debug|x86.Build.0 = Debug|x86
		{B4E8288F-22F4-44DF-9142-5A85DE21E9FC}.Net45-Release|Any CPU.ActiveCfg = Debug|x86
		{B4E8288F-22F4-44DF-9142-5A85DE21E9FC}.Net45-Release|Any CPU.Build.0 = Debug|x86
		{B4E8288F-22F4-44DF-9142-5A85DE21E9FC}.Net45-Release|x86.ActiveCfg = Release|x86
		{B4E8288F-22F4-44DF-9142-5A85DE21E9FC}.Net45-Release|x86.Build.0 = Release|x86
		{B4E8288F-22F4-44DF-9142-5A85DE21E9FC}.Release|Any CPU.ActiveCfg = Release|x86
		{B4E8288F-22F4-44DF-9142-5A85DE21E9FC}.Release|Any CPU.Build.0 = Release|x86
		{B4E8288F-22F4-44DF-9142-5A85DE21E9FC}.Release|x86.ActiveCfg = Release|x86
		{B4E8288F-22F4-44DF-9142-5A85DE21E9FC}.Release|x86.Build.0 = Release|x86
		{4D3A1905-DE3D-4EC2-96A7-7F3D78B14D51}.Debug|Any CPU.ActiveCfg = Debug|Any CPU
		{4D3A1905-DE3D-4EC2-96A7-7F3D78B14D51}.Debug|Any CPU.Build.0 = Debug|Any CPU
		{4D3A1905-DE3D-4EC2-96A7-7F3D78B14D51}.Debug|x86.ActiveCfg = Debug|Any CPU
		{4D3A1905-DE3D-4EC2-96A7-7F3D78B14D51}.Debug|x86.Build.0 = Debug|Any CPU
		{4D3A1905-DE3D-4EC2-96A7-7F3D78B14D51}.Debug-Client|Any CPU.ActiveCfg = Debug|Any CPU
		{4D3A1905-DE3D-4EC2-96A7-7F3D78B14D51}.Debug-Client|Any CPU.Build.0 = Debug|Any CPU
		{4D3A1905-DE3D-4EC2-96A7-7F3D78B14D51}.Debug-Client|x86.ActiveCfg = Debug|Any CPU
		{4D3A1905-DE3D-4EC2-96A7-7F3D78B14D51}.Debug-Client|x86.Build.0 = Debug|Any CPU
		{4D3A1905-DE3D-4EC2-96A7-7F3D78B14D51}.Debug-Server|Any CPU.ActiveCfg = Debug|Any CPU
		{4D3A1905-DE3D-4EC2-96A7-7F3D78B14D51}.Debug-Server|Any CPU.Build.0 = Debug|Any CPU
		{4D3A1905-DE3D-4EC2-96A7-7F3D78B14D51}.Debug-Server|x86.ActiveCfg = Debug|Any CPU
		{4D3A1905-DE3D-4EC2-96A7-7F3D78B14D51}.Debug-Server|x86.Build.0 = Debug|Any CPU
		{4D3A1905-DE3D-4EC2-96A7-7F3D78B14D51}.LibraryRelease|Any CPU.ActiveCfg = Release|Any CPU
		{4D3A1905-DE3D-4EC2-96A7-7F3D78B14D51}.LibraryRelease|Any CPU.Build.0 = Release|Any CPU
		{4D3A1905-DE3D-4EC2-96A7-7F3D78B14D51}.LibraryRelease|x86.ActiveCfg = Release|Any CPU
		{4D3A1905-DE3D-4EC2-96A7-7F3D78B14D51}.LibraryRelease|x86.Build.0 = Release|Any CPU
		{4D3A1905-DE3D-4EC2-96A7-7F3D78B14D51}.Net20-Debug|Any CPU.ActiveCfg = Debug|Any CPU
		{4D3A1905-DE3D-4EC2-96A7-7F3D78B14D51}.Net20-Debug|Any CPU.Build.0 = Debug|Any CPU
		{4D3A1905-DE3D-4EC2-96A7-7F3D78B14D51}.Net20-Debug|x86.ActiveCfg = Debug|Any CPU
		{4D3A1905-DE3D-4EC2-96A7-7F3D78B14D51}.Net20-Debug|x86.Build.0 = Debug|Any CPU
		{4D3A1905-DE3D-4EC2-96A7-7F3D78B14D51}.Net20-Release|Any CPU.ActiveCfg = Release|Any CPU
		{4D3A1905-DE3D-4EC2-96A7-7F3D78B14D51}.Net20-Release|Any CPU.Build.0 = Release|Any CPU
		{4D3A1905-DE3D-4EC2-96A7-7F3D78B14D51}.Net20-Release|x86.ActiveCfg = Release|Any CPU
		{4D3A1905-DE3D-4EC2-96A7-7F3D78B14D51}.Net20-Release|x86.Build.0 = Release|Any CPU
		{4D3A1905-DE3D-4EC2-96A7-7F3D78B14D51}.Net45-Debug|Any CPU.ActiveCfg = Debug|Any CPU
		{4D3A1905-DE3D-4EC2-96A7-7F3D78B14D51}.Net45-Debug|Any CPU.Build.0 = Debug|Any CPU
		{4D3A1905-DE3D-4EC2-96A7-7F3D78B14D51}.Net45-Debug|x86.ActiveCfg = Debug|Any CPU
		{4D3A1905-DE3D-4EC2-96A7-7F3D78B14D51}.Net45-Debug|x86.Build.0 = Debug|Any CPU
		{4D3A1905-DE3D-4EC2-96A7-7F3D78B14D51}.Net45-Release|Any CPU.ActiveCfg = Release|Any CPU
		{4D3A1905-DE3D-4EC2-96A7-7F3D78B14D51}.Net45-Release|Any CPU.Build.0 = Release|Any CPU
		{4D3A1905-DE3D-4EC2-96A7-7F3D78B14D51}.Net45-Release|x86.ActiveCfg = Release|Any CPU
		{4D3A1905-DE3D-4EC2-96A7-7F3D78B14D51}.Net45-Release|x86.Build.0 = Release|Any CPU
		{4D3A1905-DE3D-4EC2-96A7-7F3D78B14D51}.Release|Any CPU.ActiveCfg = Release|Any CPU
		{4D3A1905-DE3D-4EC2-96A7-7F3D78B14D51}.Release|Any CPU.Build.0 = Release|Any CPU
		{4D3A1905-DE3D-4EC2-96A7-7F3D78B14D51}.Release|x86.ActiveCfg = Release|Any CPU
		{4D3A1905-DE3D-4EC2-96A7-7F3D78B14D51}.Release|x86.Build.0 = Release|Any CPU
		{4BCC21C7-7AA5-4C80-BD42-AAB57D5284C1}.Debug|Any CPU.ActiveCfg = Debug|Any CPU
		{4BCC21C7-7AA5-4C80-BD42-AAB57D5284C1}.Debug|Any CPU.Build.0 = Debug|Any CPU
		{4BCC21C7-7AA5-4C80-BD42-AAB57D5284C1}.Debug|x86.ActiveCfg = Debug|Any CPU
		{4BCC21C7-7AA5-4C80-BD42-AAB57D5284C1}.Debug|x86.Build.0 = Debug|Any CPU
		{4BCC21C7-7AA5-4C80-BD42-AAB57D5284C1}.Debug-Client|Any CPU.ActiveCfg = Debug|Any CPU
		{4BCC21C7-7AA5-4C80-BD42-AAB57D5284C1}.Debug-Client|Any CPU.Build.0 = Debug|Any CPU
		{4BCC21C7-7AA5-4C80-BD42-AAB57D5284C1}.Debug-Client|x86.ActiveCfg = Debug|Any CPU
		{4BCC21C7-7AA5-4C80-BD42-AAB57D5284C1}.Debug-Client|x86.Build.0 = Debug|Any CPU
		{4BCC21C7-7AA5-4C80-BD42-AAB57D5284C1}.Debug-Server|Any CPU.ActiveCfg = Debug|Any CPU
		{4BCC21C7-7AA5-4C80-BD42-AAB57D5284C1}.Debug-Server|Any CPU.Build.0 = Debug|Any CPU
		{4BCC21C7-7AA5-4C80-BD42-AAB57D5284C1}.Debug-Server|x86.ActiveCfg = Debug|Any CPU
		{4BCC21C7-7AA5-4C80-BD42-AAB57D5284C1}.Debug-Server|x86.Build.0 = Debug|Any CPU
		{4BCC21C7-7AA5-4C80-BD42-AAB57D5284C1}.LibraryRelease|Any CPU.ActiveCfg = Release|Any CPU
		{4BCC21C7-7AA5-4C80-BD42-AAB57D5284C1}.LibraryRelease|Any CPU.Build.0 = Release|Any CPU
		{4BCC21C7-7AA5-4C80-BD42-AAB57D5284C1}.LibraryRelease|x86.ActiveCfg = Release|Any CPU
		{4BCC21C7-7AA5-4C80-BD42-AAB57D5284C1}.LibraryRelease|x86.Build.0 = Release|Any CPU
		{4BCC21C7-7AA5-4C80-BD42-AAB57D5284C1}.Net20-Debug|Any CPU.ActiveCfg = Debug|Any CPU
		{4BCC21C7-7AA5-4C80-BD42-AAB57D5284C1}.Net20-Debug|Any CPU.Build.0 = Debug|Any CPU
		{4BCC21C7-7AA5-4C80-BD42-AAB57D5284C1}.Net20-Debug|x86.ActiveCfg = Debug|Any CPU
		{4BCC21C7-7AA5-4C80-BD42-AAB57D5284C1}.Net20-Debug|x86.Build.0 = Debug|Any CPU
		{4BCC21C7-7AA5-4C80-BD42-AAB57D5284C1}.Net20-Release|Any CPU.ActiveCfg = Release|Any CPU
		{4BCC21C7-7AA5-4C80-BD42-AAB57D5284C1}.Net20-Release|Any CPU.Build.0 = Release|Any CPU
		{4BCC21C7-7AA5-4C80-BD42-AAB57D5284C1}.Net20-Release|x86.ActiveCfg = Release|Any CPU
		{4BCC21C7-7AA5-4C80-BD42-AAB57D5284C1}.Net20-Release|x86.Build.0 = Release|Any CPU
		{4BCC21C7-7AA5-4C80-BD42-AAB57D5284C1}.Net45-Debug|Any CPU.ActiveCfg = Debug|Any CPU
		{4BCC21C7-7AA5-4C80-BD42-AAB57D5284C1}.Net45-Debug|Any CPU.Build.0 = Debug|Any CPU
		{4BCC21C7-7AA5-4C80-BD42-AAB57D5284C1}.Net45-Debug|x86.ActiveCfg = Debug|Any CPU
		{4BCC21C7-7AA5-4C80-BD42-AAB57D5284C1}.Net45-Debug|x86.Build.0 = Debug|Any CPU
		{4BCC21C7-7AA5-4C80-BD42-AAB57D5284C1}.Net45-Release|Any CPU.ActiveCfg = Release|Any CPU
		{4BCC21C7-7AA5-4C80-BD42-AAB57D5284C1}.Net45-Release|Any CPU.Build.0 = Release|Any CPU
		{4BCC21C7-7AA5-4C80-BD42-AAB57D5284C1}.Net45-Release|x86.ActiveCfg = Release|Any CPU
		{4BCC21C7-7AA5-4C80-BD42-AAB57D5284C1}.Net45-Release|x86.Build.0 = Release|Any CPU
		{4BCC21C7-7AA5-4C80-BD42-AAB57D5284C1}.Release|Any CPU.ActiveCfg = Release|Any CPU
		{4BCC21C7-7AA5-4C80-BD42-AAB57D5284C1}.Release|Any CPU.Build.0 = Release|Any CPU
		{4BCC21C7-7AA5-4C80-BD42-AAB57D5284C1}.Release|x86.ActiveCfg = Release|Any CPU
		{4BCC21C7-7AA5-4C80-BD42-AAB57D5284C1}.Release|x86.Build.0 = Release|Any CPU
		{CE5CD75D-8626-4CD8-83FC-B7A4868DAEC0}.Debug|Any CPU.ActiveCfg = Debug|x86
		{CE5CD75D-8626-4CD8-83FC-B7A4868DAEC0}.Debug|Any CPU.Build.0 = Debug|x86
		{CE5CD75D-8626-4CD8-83FC-B7A4868DAEC0}.Debug|x86.ActiveCfg = Debug|x86
		{CE5CD75D-8626-4CD8-83FC-B7A4868DAEC0}.Debug|x86.Build.0 = Debug|x86
		{CE5CD75D-8626-4CD8-83FC-B7A4868DAEC0}.Debug-Client|Any CPU.ActiveCfg = Release|x86
		{CE5CD75D-8626-4CD8-83FC-B7A4868DAEC0}.Debug-Client|Any CPU.Build.0 = Release|x86
		{CE5CD75D-8626-4CD8-83FC-B7A4868DAEC0}.Debug-Client|x86.ActiveCfg = Debug|x86
		{CE5CD75D-8626-4CD8-83FC-B7A4868DAEC0}.Debug-Client|x86.Build.0 = Debug|x86
		{CE5CD75D-8626-4CD8-83FC-B7A4868DAEC0}.Debug-Server|Any CPU.ActiveCfg = Release|x86
		{CE5CD75D-8626-4CD8-83FC-B7A4868DAEC0}.Debug-Server|Any CPU.Build.0 = Release|x86
		{CE5CD75D-8626-4CD8-83FC-B7A4868DAEC0}.Debug-Server|x86.ActiveCfg = Debug|x86
		{CE5CD75D-8626-4CD8-83FC-B7A4868DAEC0}.Debug-Server|x86.Build.0 = Debug|x86
		{CE5CD75D-8626-4CD8-83FC-B7A4868DAEC0}.LibraryRelease|Any CPU.ActiveCfg = Debug|x86
		{CE5CD75D-8626-4CD8-83FC-B7A4868DAEC0}.LibraryRelease|Any CPU.Build.0 = Debug|x86
		{CE5CD75D-8626-4CD8-83FC-B7A4868DAEC0}.LibraryRelease|x86.ActiveCfg = Release|x86
		{CE5CD75D-8626-4CD8-83FC-B7A4868DAEC0}.LibraryRelease|x86.Build.0 = Release|x86
		{CE5CD75D-8626-4CD8-83FC-B7A4868DAEC0}.Net20-Debug|Any CPU.ActiveCfg = Debug|x86
		{CE5CD75D-8626-4CD8-83FC-B7A4868DAEC0}.Net20-Debug|Any CPU.Build.0 = Debug|x86
		{CE5CD75D-8626-4CD8-83FC-B7A4868DAEC0}.Net20-Debug|x86.ActiveCfg = Debug|x86
		{CE5CD75D-8626-4CD8-83FC-B7A4868DAEC0}.Net20-Debug|x86.Build.0 = Debug|x86
		{CE5CD75D-8626-4CD8-83FC-B7A4868DAEC0}.Net20-Release|Any CPU.ActiveCfg = Debug|x86
		{CE5CD75D-8626-4CD8-83FC-B7A4868DAEC0}.Net20-Release|Any CPU.Build.0 = Debug|x86
		{CE5CD75D-8626-4CD8-83FC-B7A4868DAEC0}.Net20-Release|x86.ActiveCfg = Release|x86
		{CE5CD75D-8626-4CD8-83FC-B7A4868DAEC0}.Net20-Release|x86.Build.0 = Release|x86
		{CE5CD75D-8626-4CD8-83FC-B7A4868DAEC0}.Net45-Debug|Any CPU.ActiveCfg = Debug|x86
		{CE5CD75D-8626-4CD8-83FC-B7A4868DAEC0}.Net45-Debug|Any CPU.Build.0 = Debug|x86
		{CE5CD75D-8626-4CD8-83FC-B7A4868DAEC0}.Net45-Debug|x86.ActiveCfg = Debug|x86
		{CE5CD75D-8626-4CD8-83FC-B7A4868DAEC0}.Net45-Debug|x86.Build.0 = Debug|x86
		{CE5CD75D-8626-4CD8-83FC-B7A4868DAEC0}.Net45-Release|Any CPU.ActiveCfg = Debug|x86
		{CE5CD75D-8626-4CD8-83FC-B7A4868DAEC0}.Net45-Release|Any CPU.Build.0 = Debug|x86
		{CE5CD75D-8626-4CD8-83FC-B7A4868DAEC0}.Net45-Release|x86.ActiveCfg = Release|x86
		{CE5CD75D-8626-4CD8-83FC-B7A4868DAEC0}.Net45-Release|x86.Build.0 = Release|x86
		{CE5CD75D-8626-4CD8-83FC-B7A4868DAEC0}.Release|Any CPU.ActiveCfg = Release|x86
		{CE5CD75D-8626-4CD8-83FC-B7A4868DAEC0}.Release|Any CPU.Build.0 = Release|x86
		{CE5CD75D-8626-4CD8-83FC-B7A4868DAEC0}.Release|x86.ActiveCfg = Release|x86
		{CE5CD75D-8626-4CD8-83FC-B7A4868DAEC0}.Release|x86.Build.0 = Release|x86
		{EE01F3D5-D9EE-4A5C-B467-9A5705516139}.Debug|Any CPU.ActiveCfg = Debug|Any CPU
		{EE01F3D5-D9EE-4A5C-B467-9A5705516139}.Debug|Any CPU.Build.0 = Debug|Any CPU
		{EE01F3D5-D9EE-4A5C-B467-9A5705516139}.Debug|x86.ActiveCfg = Debug|Any CPU
		{EE01F3D5-D9EE-4A5C-B467-9A5705516139}.Debug|x86.Build.0 = Debug|Any CPU
		{EE01F3D5-D9EE-4A5C-B467-9A5705516139}.Debug-Client|Any CPU.ActiveCfg = Debug|Any CPU
		{EE01F3D5-D9EE-4A5C-B467-9A5705516139}.Debug-Client|Any CPU.Build.0 = Debug|Any CPU
		{EE01F3D5-D9EE-4A5C-B467-9A5705516139}.Debug-Client|x86.ActiveCfg = Debug|Any CPU
		{EE01F3D5-D9EE-4A5C-B467-9A5705516139}.Debug-Client|x86.Build.0 = Debug|Any CPU
		{EE01F3D5-D9EE-4A5C-B467-9A5705516139}.Debug-Server|Any CPU.ActiveCfg = Debug|Any CPU
		{EE01F3D5-D9EE-4A5C-B467-9A5705516139}.Debug-Server|Any CPU.Build.0 = Debug|Any CPU
		{EE01F3D5-D9EE-4A5C-B467-9A5705516139}.Debug-Server|x86.ActiveCfg = Debug|Any CPU
		{EE01F3D5-D9EE-4A5C-B467-9A5705516139}.Debug-Server|x86.Build.0 = Debug|Any CPU
		{EE01F3D5-D9EE-4A5C-B467-9A5705516139}.LibraryRelease|Any CPU.ActiveCfg = Release|Any CPU
		{EE01F3D5-D9EE-4A5C-B467-9A5705516139}.LibraryRelease|Any CPU.Build.0 = Release|Any CPU
		{EE01F3D5-D9EE-4A5C-B467-9A5705516139}.LibraryRelease|x86.ActiveCfg = Release|Any CPU
		{EE01F3D5-D9EE-4A5C-B467-9A5705516139}.LibraryRelease|x86.Build.0 = Release|Any CPU
		{EE01F3D5-D9EE-4A5C-B467-9A5705516139}.Net20-Debug|Any CPU.ActiveCfg = Debug|Any CPU
		{EE01F3D5-D9EE-4A5C-B467-9A5705516139}.Net20-Debug|Any CPU.Build.0 = Debug|Any CPU
		{EE01F3D5-D9EE-4A5C-B467-9A5705516139}.Net20-Debug|x86.ActiveCfg = Debug|Any CPU
		{EE01F3D5-D9EE-4A5C-B467-9A5705516139}.Net20-Debug|x86.Build.0 = Debug|Any CPU
		{EE01F3D5-D9EE-4A5C-B467-9A5705516139}.Net20-Release|Any CPU.ActiveCfg = Release|Any CPU
		{EE01F3D5-D9EE-4A5C-B467-9A5705516139}.Net20-Release|Any CPU.Build.0 = Release|Any CPU
		{EE01F3D5-D9EE-4A5C-B467-9A5705516139}.Net20-Release|x86.ActiveCfg = Release|Any CPU
		{EE01F3D5-D9EE-4A5C-B467-9A5705516139}.Net20-Release|x86.Build.0 = Release|Any CPU
		{EE01F3D5-D9EE-4A5C-B467-9A5705516139}.Net45-Debug|Any CPU.ActiveCfg = Debug|Any CPU
		{EE01F3D5-D9EE-4A5C-B467-9A5705516139}.Net45-Debug|Any CPU.Build.0 = Debug|Any CPU
		{EE01F3D5-D9EE-4A5C-B467-9A5705516139}.Net45-Debug|x86.ActiveCfg = Debug|Any CPU
		{EE01F3D5-D9EE-4A5C-B467-9A5705516139}.Net45-Debug|x86.Build.0 = Debug|Any CPU
		{EE01F3D5-D9EE-4A5C-B467-9A5705516139}.Net45-Release|Any CPU.ActiveCfg = Release|Any CPU
		{EE01F3D5-D9EE-4A5C-B467-9A5705516139}.Net45-Release|Any CPU.Build.0 = Release|Any CPU
		{EE01F3D5-D9EE-4A5C-B467-9A5705516139}.Net45-Release|x86.ActiveCfg = Release|Any CPU
		{EE01F3D5-D9EE-4A5C-B467-9A5705516139}.Net45-Release|x86.Build.0 = Release|Any CPU
		{EE01F3D5-D9EE-4A5C-B467-9A5705516139}.Release|Any CPU.ActiveCfg = Release|Any CPU
		{EE01F3D5-D9EE-4A5C-B467-9A5705516139}.Release|Any CPU.Build.0 = Release|Any CPU
		{EE01F3D5-D9EE-4A5C-B467-9A5705516139}.Release|x86.ActiveCfg = Release|Any CPU
		{EE01F3D5-D9EE-4A5C-B467-9A5705516139}.Release|x86.Build.0 = Release|Any CPU
		{0642CAB6-A4E6-4DCC-8D5D-483017334FDD}.Debug|Any CPU.ActiveCfg = Debug|Any CPU
		{0642CAB6-A4E6-4DCC-8D5D-483017334FDD}.Debug|Any CPU.Build.0 = Debug|Any CPU
		{0642CAB6-A4E6-4DCC-8D5D-483017334FDD}.Debug|x86.ActiveCfg = Debug|Any CPU
		{0642CAB6-A4E6-4DCC-8D5D-483017334FDD}.Debug|x86.Build.0 = Debug|Any CPU
		{0642CAB6-A4E6-4DCC-8D5D-483017334FDD}.Debug-Client|Any CPU.ActiveCfg = Debug|Any CPU
		{0642CAB6-A4E6-4DCC-8D5D-483017334FDD}.Debug-Client|Any CPU.Build.0 = Debug|Any CPU
		{0642CAB6-A4E6-4DCC-8D5D-483017334FDD}.Debug-Client|x86.ActiveCfg = Debug|Any CPU
		{0642CAB6-A4E6-4DCC-8D5D-483017334FDD}.Debug-Client|x86.Build.0 = Debug|Any CPU
		{0642CAB6-A4E6-4DCC-8D5D-483017334FDD}.Debug-Server|Any CPU.ActiveCfg = Debug|Any CPU
		{0642CAB6-A4E6-4DCC-8D5D-483017334FDD}.Debug-Server|Any CPU.Build.0 = Debug|Any CPU
		{0642CAB6-A4E6-4DCC-8D5D-483017334FDD}.Debug-Server|x86.ActiveCfg = Debug|Any CPU
		{0642CAB6-A4E6-4DCC-8D5D-483017334FDD}.Debug-Server|x86.Build.0 = Debug|Any CPU
		{0642CAB6-A4E6-4DCC-8D5D-483017334FDD}.LibraryRelease|Any CPU.ActiveCfg = Release|Any CPU
		{0642CAB6-A4E6-4DCC-8D5D-483017334FDD}.LibraryRelease|Any CPU.Build.0 = Release|Any CPU
		{0642CAB6-A4E6-4DCC-8D5D-483017334FDD}.LibraryRelease|x86.ActiveCfg = Release|Any CPU
		{0642CAB6-A4E6-4DCC-8D5D-483017334FDD}.LibraryRelease|x86.Build.0 = Release|Any CPU
		{0642CAB6-A4E6-4DCC-8D5D-483017334FDD}.Net20-Debug|Any CPU.ActiveCfg = Debug|Any CPU
		{0642CAB6-A4E6-4DCC-8D5D-483017334FDD}.Net20-Debug|Any CPU.Build.0 = Debug|Any CPU
		{0642CAB6-A4E6-4DCC-8D5D-483017334FDD}.Net20-Debug|x86.ActiveCfg = Debug|Any CPU
		{0642CAB6-A4E6-4DCC-8D5D-483017334FDD}.Net20-Debug|x86.Build.0 = Debug|Any CPU
		{0642CAB6-A4E6-4DCC-8D5D-483017334FDD}.Net20-Release|Any CPU.ActiveCfg = Release|Any CPU
		{0642CAB6-A4E6-4DCC-8D5D-483017334FDD}.Net20-Release|Any CPU.Build.0 = Release|Any CPU
		{0642CAB6-A4E6-4DCC-8D5D-483017334FDD}.Net20-Release|x86.ActiveCfg = Release|Any CPU
		{0642CAB6-A4E6-4DCC-8D5D-483017334FDD}.Net20-Release|x86.Build.0 = Release|Any CPU
		{0642CAB6-A4E6-4DCC-8D5D-483017334FDD}.Net45-Debug|Any CPU.ActiveCfg = Debug|Any CPU
		{0642CAB6-A4E6-4DCC-8D5D-483017334FDD}.Net45-Debug|Any CPU.Build.0 = Debug|Any CPU
		{0642CAB6-A4E6-4DCC-8D5D-483017334FDD}.Net45-Debug|x86.ActiveCfg = Debug|Any CPU
		{0642CAB6-A4E6-4DCC-8D5D-483017334FDD}.Net45-Debug|x86.Build.0 = Debug|Any CPU
		{0642CAB6-A4E6-4DCC-8D5D-483017334FDD}.Net45-Release|Any CPU.ActiveCfg = Release|Any CPU
		{0642CAB6-A4E6-4DCC-8D5D-483017334FDD}.Net45-Release|Any CPU.Build.0 = Release|Any CPU
		{0642CAB6-A4E6-4DCC-8D5D-483017334FDD}.Net45-Release|x86.ActiveCfg = Release|Any CPU
		{0642CAB6-A4E6-4DCC-8D5D-483017334FDD}.Net45-Release|x86.Build.0 = Release|Any CPU
		{0642CAB6-A4E6-4DCC-8D5D-483017334FDD}.Release|Any CPU.ActiveCfg = Release|Any CPU
		{0642CAB6-A4E6-4DCC-8D5D-483017334FDD}.Release|Any CPU.Build.0 = Release|Any CPU
		{0642CAB6-A4E6-4DCC-8D5D-483017334FDD}.Release|x86.ActiveCfg = Release|Any CPU
		{0642CAB6-A4E6-4DCC-8D5D-483017334FDD}.Release|x86.Build.0 = Release|Any CPU
		{B15DE3FB-BFDD-4FA2-B0B8-A362B1FD79FC}.Debug|Any CPU.ActiveCfg = Debug|Any CPU
		{B15DE3FB-BFDD-4FA2-B0B8-A362B1FD79FC}.Debug|Any CPU.Build.0 = Debug|Any CPU
		{B15DE3FB-BFDD-4FA2-B0B8-A362B1FD79FC}.Debug|x86.ActiveCfg = Debug|Any CPU
		{B15DE3FB-BFDD-4FA2-B0B8-A362B1FD79FC}.Debug|x86.Build.0 = Debug|Any CPU
		{B15DE3FB-BFDD-4FA2-B0B8-A362B1FD79FC}.Debug-Client|Any CPU.ActiveCfg = Debug|Any CPU
		{B15DE3FB-BFDD-4FA2-B0B8-A362B1FD79FC}.Debug-Client|Any CPU.Build.0 = Debug|Any CPU
		{B15DE3FB-BFDD-4FA2-B0B8-A362B1FD79FC}.Debug-Client|x86.ActiveCfg = Debug|Any CPU
		{B15DE3FB-BFDD-4FA2-B0B8-A362B1FD79FC}.Debug-Client|x86.Build.0 = Debug|Any CPU
		{B15DE3FB-BFDD-4FA2-B0B8-A362B1FD79FC}.Debug-Server|Any CPU.ActiveCfg = Debug|Any CPU
		{B15DE3FB-BFDD-4FA2-B0B8-A362B1FD79FC}.Debug-Server|Any CPU.Build.0 = Debug|Any CPU
		{B15DE3FB-BFDD-4FA2-B0B8-A362B1FD79FC}.Debug-Server|x86.ActiveCfg = Debug|Any CPU
		{B15DE3FB-BFDD-4FA2-B0B8-A362B1FD79FC}.Debug-Server|x86.Build.0 = Debug|Any CPU
		{B15DE3FB-BFDD-4FA2-B0B8-A362B1FD79FC}.LibraryRelease|Any CPU.ActiveCfg = Release|Any CPU
		{B15DE3FB-BFDD-4FA2-B0B8-A362B1FD79FC}.LibraryRelease|Any CPU.Build.0 = Release|Any CPU
		{B15DE3FB-BFDD-4FA2-B0B8-A362B1FD79FC}.LibraryRelease|x86.ActiveCfg = Release|Any CPU
		{B15DE3FB-BFDD-4FA2-B0B8-A362B1FD79FC}.LibraryRelease|x86.Build.0 = Release|Any CPU
		{B15DE3FB-BFDD-4FA2-B0B8-A362B1FD79FC}.Net20-Debug|Any CPU.ActiveCfg = Debug|Any CPU
		{B15DE3FB-BFDD-4FA2-B0B8-A362B1FD79FC}.Net20-Debug|Any CPU.Build.0 = Debug|Any CPU
		{B15DE3FB-BFDD-4FA2-B0B8-A362B1FD79FC}.Net20-Debug|x86.ActiveCfg = Debug|Any CPU
		{B15DE3FB-BFDD-4FA2-B0B8-A362B1FD79FC}.Net20-Debug|x86.Build.0 = Debug|Any CPU
		{B15DE3FB-BFDD-4FA2-B0B8-A362B1FD79FC}.Net20-Release|Any CPU.ActiveCfg = Release|Any CPU
		{B15DE3FB-BFDD-4FA2-B0B8-A362B1FD79FC}.Net20-Release|Any CPU.Build.0 = Release|Any CPU
		{B15DE3FB-BFDD-4FA2-B0B8-A362B1FD79FC}.Net20-Release|x86.ActiveCfg = Release|Any CPU
		{B15DE3FB-BFDD-4FA2-B0B8-A362B1FD79FC}.Net20-Release|x86.Build.0 = Release|Any CPU
		{B15DE3FB-BFDD-4FA2-B0B8-A362B1FD79FC}.Net45-Debug|Any CPU.ActiveCfg = Debug|Any CPU
		{B15DE3FB-BFDD-4FA2-B0B8-A362B1FD79FC}.Net45-Debug|Any CPU.Build.0 = Debug|Any CPU
		{B15DE3FB-BFDD-4FA2-B0B8-A362B1FD79FC}.Net45-Debug|x86.ActiveCfg = Debug|Any CPU
		{B15DE3FB-BFDD-4FA2-B0B8-A362B1FD79FC}.Net45-Debug|x86.Build.0 = Debug|Any CPU
		{B15DE3FB-BFDD-4FA2-B0B8-A362B1FD79FC}.Net45-Release|Any CPU.ActiveCfg = Release|Any CPU
		{B15DE3FB-BFDD-4FA2-B0B8-A362B1FD79FC}.Net45-Release|Any CPU.Build.0 = Release|Any CPU
		{B15DE3FB-BFDD-4FA2-B0B8-A362B1FD79FC}.Net45-Release|x86.ActiveCfg = Release|Any CPU
		{B15DE3FB-BFDD-4FA2-B0B8-A362B1FD79FC}.Net45-Release|x86.Build.0 = Release|Any CPU
		{B15DE3FB-BFDD-4FA2-B0B8-A362B1FD79FC}.Release|Any CPU.ActiveCfg = Release|Any CPU
		{B15DE3FB-BFDD-4FA2-B0B8-A362B1FD79FC}.Release|Any CPU.Build.0 = Release|Any CPU
		{B15DE3FB-BFDD-4FA2-B0B8-A362B1FD79FC}.Release|x86.ActiveCfg = Release|Any CPU
		{B15DE3FB-BFDD-4FA2-B0B8-A362B1FD79FC}.Release|x86.Build.0 = Release|Any CPU
		{E82EA67C-E034-4309-B4C6-AED3D254A357}.Debug|Any CPU.ActiveCfg = Debug|Any CPU
		{E82EA67C-E034-4309-B4C6-AED3D254A357}.Debug|Any CPU.Build.0 = Debug|Any CPU
		{E82EA67C-E034-4309-B4C6-AED3D254A357}.Debug|x86.ActiveCfg = Debug|Any CPU
		{E82EA67C-E034-4309-B4C6-AED3D254A357}.Debug|x86.Build.0 = Debug|Any CPU
		{E82EA67C-E034-4309-B4C6-AED3D254A357}.Debug-Client|Any CPU.ActiveCfg = Debug|Any CPU
		{E82EA67C-E034-4309-B4C6-AED3D254A357}.Debug-Client|Any CPU.Build.0 = Debug|Any CPU
		{E82EA67C-E034-4309-B4C6-AED3D254A357}.Debug-Client|x86.ActiveCfg = Debug|Any CPU
		{E82EA67C-E034-4309-B4C6-AED3D254A357}.Debug-Client|x86.Build.0 = Debug|Any CPU
		{E82EA67C-E034-4309-B4C6-AED3D254A357}.Debug-Server|Any CPU.ActiveCfg = Debug|Any CPU
		{E82EA67C-E034-4309-B4C6-AED3D254A357}.Debug-Server|Any CPU.Build.0 = Debug|Any CPU
		{E82EA67C-E034-4309-B4C6-AED3D254A357}.Debug-Server|x86.ActiveCfg = Debug|Any CPU
		{E82EA67C-E034-4309-B4C6-AED3D254A357}.Debug-Server|x86.Build.0 = Debug|Any CPU
		{E82EA67C-E034-4309-B4C6-AED3D254A357}.LibraryRelease|Any CPU.ActiveCfg = Release|Any CPU
		{E82EA67C-E034-4309-B4C6-AED3D254A357}.LibraryRelease|Any CPU.Build.0 = Release|Any CPU
		{E82EA67C-E034-4309-B4C6-AED3D254A357}.LibraryRelease|x86.ActiveCfg = Release|Any CPU
		{E82EA67C-E034-4309-B4C6-AED3D254A357}.LibraryRelease|x86.Build.0 = Release|Any CPU
		{E82EA67C-E034-4309-B4C6-AED3D254A357}.Net20-Debug|Any CPU.ActiveCfg = Debug|Any CPU
		{E82EA67C-E034-4309-B4C6-AED3D254A357}.Net20-Debug|Any CPU.Build.0 = Debug|Any CPU
		{E82EA67C-E034-4309-B4C6-AED3D254A357}.Net20-Debug|x86.ActiveCfg = Debug|Any CPU
		{E82EA67C-E034-4309-B4C6-AED3D254A357}.Net20-Debug|x86.Build.0 = Debug|Any CPU
		{E82EA67C-E034-4309-B4C6-AED3D254A357}.Net20-Release|Any CPU.ActiveCfg = Release|Any CPU
		{E82EA67C-E034-4309-B4C6-AED3D254A357}.Net20-Release|Any CPU.Build.0 = Release|Any CPU
		{E82EA67C-E034-4309-B4C6-AED3D254A357}.Net20-Release|x86.ActiveCfg = Release|Any CPU
		{E82EA67C-E034-4309-B4C6-AED3D254A357}.Net20-Release|x86.Build.0 = Release|Any CPU
		{E82EA67C-E034-4309-B4C6-AED3D254A357}.Net45-Debug|Any CPU.ActiveCfg = Debug|Any CPU
		{E82EA67C-E034-4309-B4C6-AED3D254A357}.Net45-Debug|Any CPU.Build.0 = Debug|Any CPU
		{E82EA67C-E034-4309-B4C6-AED3D254A357}.Net45-Debug|x86.ActiveCfg = Debug|Any CPU
		{E82EA67C-E034-4309-B4C6-AED3D254A357}.Net45-Debug|x86.Build.0 = Debug|Any CPU
		{E82EA67C-E034-4309-B4C6-AED3D254A357}.Net45-Release|Any CPU.ActiveCfg = Release|Any CPU
		{E82EA67C-E034-4309-B4C6-AED3D254A357}.Net45-Release|Any CPU.Build.0 = Release|Any CPU
		{E82EA67C-E034-4309-B4C6-AED3D254A357}.Net45-Release|x86.ActiveCfg = Release|Any CPU
		{E82EA67C-E034-4309-B4C6-AED3D254A357}.Net45-Release|x86.Build.0 = Release|Any CPU
		{E82EA67C-E034-4309-B4C6-AED3D254A357}.Release|Any CPU.ActiveCfg = Release|Any CPU
		{E82EA67C-E034-4309-B4C6-AED3D254A357}.Release|Any CPU.Build.0 = Release|Any CPU
		{E82EA67C-E034-4309-B4C6-AED3D254A357}.Release|x86.ActiveCfg = Release|Any CPU
		{E82EA67C-E034-4309-B4C6-AED3D254A357}.Release|x86.Build.0 = Release|Any CPU
		{730CE1A8-6F93-424D-AAF1-057182BC21EF}.Debug|Any CPU.ActiveCfg = Debug|Any CPU
		{730CE1A8-6F93-424D-AAF1-057182BC21EF}.Debug|Any CPU.Build.0 = Debug|Any CPU
		{730CE1A8-6F93-424D-AAF1-057182BC21EF}.Debug|x86.ActiveCfg = Debug|x86
		{730CE1A8-6F93-424D-AAF1-057182BC21EF}.Debug|x86.Build.0 = Debug|x86
		{730CE1A8-6F93-424D-AAF1-057182BC21EF}.Debug-Client|Any CPU.ActiveCfg = Debug|Any CPU
		{730CE1A8-6F93-424D-AAF1-057182BC21EF}.Debug-Client|Any CPU.Build.0 = Debug|Any CPU
		{730CE1A8-6F93-424D-AAF1-057182BC21EF}.Debug-Client|x86.ActiveCfg = Debug|x86
		{730CE1A8-6F93-424D-AAF1-057182BC21EF}.Debug-Client|x86.Build.0 = Debug|x86
		{730CE1A8-6F93-424D-AAF1-057182BC21EF}.Debug-Server|Any CPU.ActiveCfg = Debug|Any CPU
		{730CE1A8-6F93-424D-AAF1-057182BC21EF}.Debug-Server|Any CPU.Build.0 = Debug|Any CPU
		{730CE1A8-6F93-424D-AAF1-057182BC21EF}.Debug-Server|x86.ActiveCfg = Debug|x86
		{730CE1A8-6F93-424D-AAF1-057182BC21EF}.Debug-Server|x86.Build.0 = Debug|x86
		{730CE1A8-6F93-424D-AAF1-057182BC21EF}.LibraryRelease|Any CPU.ActiveCfg = Release|Any CPU
		{730CE1A8-6F93-424D-AAF1-057182BC21EF}.LibraryRelease|Any CPU.Build.0 = Release|Any CPU
		{730CE1A8-6F93-424D-AAF1-057182BC21EF}.LibraryRelease|x86.ActiveCfg = Release|x86
		{730CE1A8-6F93-424D-AAF1-057182BC21EF}.LibraryRelease|x86.Build.0 = Release|x86
		{730CE1A8-6F93-424D-AAF1-057182BC21EF}.Net20-Debug|Any CPU.ActiveCfg = Debug|Any CPU
		{730CE1A8-6F93-424D-AAF1-057182BC21EF}.Net20-Debug|Any CPU.Build.0 = Debug|Any CPU
		{730CE1A8-6F93-424D-AAF1-057182BC21EF}.Net20-Debug|x86.ActiveCfg = Debug|x86
		{730CE1A8-6F93-424D-AAF1-057182BC21EF}.Net20-Debug|x86.Build.0 = Debug|x86
		{730CE1A8-6F93-424D-AAF1-057182BC21EF}.Net20-Release|Any CPU.ActiveCfg = Release|Any CPU
		{730CE1A8-6F93-424D-AAF1-057182BC21EF}.Net20-Release|Any CPU.Build.0 = Release|Any CPU
		{730CE1A8-6F93-424D-AAF1-057182BC21EF}.Net20-Release|x86.ActiveCfg = Release|x86
		{730CE1A8-6F93-424D-AAF1-057182BC21EF}.Net20-Release|x86.Build.0 = Release|x86
		{730CE1A8-6F93-424D-AAF1-057182BC21EF}.Net45-Debug|Any CPU.ActiveCfg = Debug|Any CPU
		{730CE1A8-6F93-424D-AAF1-057182BC21EF}.Net45-Debug|Any CPU.Build.0 = Debug|Any CPU
		{730CE1A8-6F93-424D-AAF1-057182BC21EF}.Net45-Debug|x86.ActiveCfg = Debug|x86
		{730CE1A8-6F93-424D-AAF1-057182BC21EF}.Net45-Debug|x86.Build.0 = Debug|x86
		{730CE1A8-6F93-424D-AAF1-057182BC21EF}.Net45-Release|Any CPU.ActiveCfg = Release|Any CPU
		{730CE1A8-6F93-424D-AAF1-057182BC21EF}.Net45-Release|Any CPU.Build.0 = Release|Any CPU
		{730CE1A8-6F93-424D-AAF1-057182BC21EF}.Net45-Release|x86.ActiveCfg = Release|x86
		{730CE1A8-6F93-424D-AAF1-057182BC21EF}.Net45-Release|x86.Build.0 = Release|x86
		{730CE1A8-6F93-424D-AAF1-057182BC21EF}.Release|Any CPU.ActiveCfg = Release|Any CPU
		{730CE1A8-6F93-424D-AAF1-057182BC21EF}.Release|Any CPU.Build.0 = Release|Any CPU
		{730CE1A8-6F93-424D-AAF1-057182BC21EF}.Release|x86.ActiveCfg = Release|x86
		{730CE1A8-6F93-424D-AAF1-057182BC21EF}.Release|x86.Build.0 = Release|x86
		{508A6102-47E9-49BB-ABA6-8FEF7CAFCBEA}.Debug|Any CPU.ActiveCfg = Debug|Any CPU
		{508A6102-47E9-49BB-ABA6-8FEF7CAFCBEA}.Debug|Any CPU.Build.0 = Debug|Any CPU
		{508A6102-47E9-49BB-ABA6-8FEF7CAFCBEA}.Debug|x86.ActiveCfg = Debug|x86
		{508A6102-47E9-49BB-ABA6-8FEF7CAFCBEA}.Debug|x86.Build.0 = Debug|x86
		{508A6102-47E9-49BB-ABA6-8FEF7CAFCBEA}.Debug-Client|Any CPU.ActiveCfg = Debug|Any CPU
		{508A6102-47E9-49BB-ABA6-8FEF7CAFCBEA}.Debug-Client|Any CPU.Build.0 = Debug|Any CPU
		{508A6102-47E9-49BB-ABA6-8FEF7CAFCBEA}.Debug-Client|x86.ActiveCfg = Debug|x86
		{508A6102-47E9-49BB-ABA6-8FEF7CAFCBEA}.Debug-Client|x86.Build.0 = Debug|x86
		{508A6102-47E9-49BB-ABA6-8FEF7CAFCBEA}.Debug-Server|Any CPU.ActiveCfg = Debug|Any CPU
		{508A6102-47E9-49BB-ABA6-8FEF7CAFCBEA}.Debug-Server|Any CPU.Build.0 = Debug|Any CPU
		{508A6102-47E9-49BB-ABA6-8FEF7CAFCBEA}.Debug-Server|x86.ActiveCfg = Debug|x86
		{508A6102-47E9-49BB-ABA6-8FEF7CAFCBEA}.Debug-Server|x86.Build.0 = Debug|x86
		{508A6102-47E9-49BB-ABA6-8FEF7CAFCBEA}.LibraryRelease|Any CPU.ActiveCfg = Release|Any CPU
		{508A6102-47E9-49BB-ABA6-8FEF7CAFCBEA}.LibraryRelease|Any CPU.Build.0 = Release|Any CPU
		{508A6102-47E9-49BB-ABA6-8FEF7CAFCBEA}.LibraryRelease|x86.ActiveCfg = Release|x86
		{508A6102-47E9-49BB-ABA6-8FEF7CAFCBEA}.LibraryRelease|x86.Build.0 = Release|x86
		{508A6102-47E9-49BB-ABA6-8FEF7CAFCBEA}.Net20-Debug|Any CPU.ActiveCfg = Debug|Any CPU
		{508A6102-47E9-49BB-ABA6-8FEF7CAFCBEA}.Net20-Debug|Any CPU.Build.0 = Debug|Any CPU
		{508A6102-47E9-49BB-ABA6-8FEF7CAFCBEA}.Net20-Debug|x86.ActiveCfg = Debug|x86
		{508A6102-47E9-49BB-ABA6-8FEF7CAFCBEA}.Net20-Debug|x86.Build.0 = Debug|x86
		{508A6102-47E9-49BB-ABA6-8FEF7CAFCBEA}.Net20-Release|Any CPU.ActiveCfg = Release|Any CPU
		{508A6102-47E9-49BB-ABA6-8FEF7CAFCBEA}.Net20-Release|Any CPU.Build.0 = Release|Any CPU
		{508A6102-47E9-49BB-ABA6-8FEF7CAFCBEA}.Net20-Release|x86.ActiveCfg = Release|x86
		{508A6102-47E9-49BB-ABA6-8FEF7CAFCBEA}.Net20-Release|x86.Build.0 = Release|x86
		{508A6102-47E9-49BB-ABA6-8FEF7CAFCBEA}.Net45-Debug|Any CPU.ActiveCfg = Debug|Any CPU
		{508A6102-47E9-49BB-ABA6-8FEF7CAFCBEA}.Net45-Debug|Any CPU.Build.0 = Debug|Any CPU
		{508A6102-47E9-49BB-ABA6-8FEF7CAFCBEA}.Net45-Debug|x86.ActiveCfg = Debug|x86
		{508A6102-47E9-49BB-ABA6-8FEF7CAFCBEA}.Net45-Debug|x86.Build.0 = Debug|x86
		{508A6102-47E9-49BB-ABA6-8FEF7CAFCBEA}.Net45-Release|Any CPU.ActiveCfg = Release|Any CPU
		{508A6102-47E9-49BB-ABA6-8FEF7CAFCBEA}.Net45-Release|Any CPU.Build.0 = Release|Any CPU
		{508A6102-47E9-49BB-ABA6-8FEF7CAFCBEA}.Net45-Release|x86.ActiveCfg = Release|x86
		{508A6102-47E9-49BB-ABA6-8FEF7CAFCBEA}.Net45-Release|x86.Build.0 = Release|x86
		{508A6102-47E9-49BB-ABA6-8FEF7CAFCBEA}.Release|Any CPU.ActiveCfg = Release|Any CPU
		{508A6102-47E9-49BB-ABA6-8FEF7CAFCBEA}.Release|Any CPU.Build.0 = Release|Any CPU
		{508A6102-47E9-49BB-ABA6-8FEF7CAFCBEA}.Release|x86.ActiveCfg = Release|x86
		{508A6102-47E9-49BB-ABA6-8FEF7CAFCBEA}.Release|x86.Build.0 = Release|x86
		{5006EA84-39F5-4C19-8A98-8A2B7007B3D8}.Debug|Any CPU.ActiveCfg = Debug|Any CPU
		{5006EA84-39F5-4C19-8A98-8A2B7007B3D8}.Debug|Any CPU.Build.0 = Debug|Any CPU
		{5006EA84-39F5-4C19-8A98-8A2B7007B3D8}.Debug|x86.ActiveCfg = Debug|x86
		{5006EA84-39F5-4C19-8A98-8A2B7007B3D8}.Debug|x86.Build.0 = Debug|x86
		{5006EA84-39F5-4C19-8A98-8A2B7007B3D8}.Debug-Client|Any CPU.ActiveCfg = Debug|Any CPU
		{5006EA84-39F5-4C19-8A98-8A2B7007B3D8}.Debug-Client|Any CPU.Build.0 = Debug|Any CPU
		{5006EA84-39F5-4C19-8A98-8A2B7007B3D8}.Debug-Client|x86.ActiveCfg = Debug|x86
		{5006EA84-39F5-4C19-8A98-8A2B7007B3D8}.Debug-Client|x86.Build.0 = Debug|x86
		{5006EA84-39F5-4C19-8A98-8A2B7007B3D8}.Debug-Server|Any CPU.ActiveCfg = Debug|Any CPU
		{5006EA84-39F5-4C19-8A98-8A2B7007B3D8}.Debug-Server|Any CPU.Build.0 = Debug|Any CPU
		{5006EA84-39F5-4C19-8A98-8A2B7007B3D8}.Debug-Server|x86.ActiveCfg = Debug|x86
		{5006EA84-39F5-4C19-8A98-8A2B7007B3D8}.Debug-Server|x86.Build.0 = Debug|x86
		{5006EA84-39F5-4C19-8A98-8A2B7007B3D8}.LibraryRelease|Any CPU.ActiveCfg = Release|Any CPU
		{5006EA84-39F5-4C19-8A98-8A2B7007B3D8}.LibraryRelease|Any CPU.Build.0 = Release|Any CPU
		{5006EA84-39F5-4C19-8A98-8A2B7007B3D8}.LibraryRelease|x86.ActiveCfg = Release|x86
		{5006EA84-39F5-4C19-8A98-8A2B7007B3D8}.LibraryRelease|x86.Build.0 = Release|x86
		{5006EA84-39F5-4C19-8A98-8A2B7007B3D8}.Net20-Debug|Any CPU.ActiveCfg = Debug|Any CPU
		{5006EA84-39F5-4C19-8A98-8A2B7007B3D8}.Net20-Debug|Any CPU.Build.0 = Debug|Any CPU
		{5006EA84-39F5-4C19-8A98-8A2B7007B3D8}.Net20-Debug|x86.ActiveCfg = Debug|x86
		{5006EA84-39F5-4C19-8A98-8A2B7007B3D8}.Net20-Debug|x86.Build.0 = Debug|x86
		{5006EA84-39F5-4C19-8A98-8A2B7007B3D8}.Net20-Release|Any CPU.ActiveCfg = Release|Any CPU
		{5006EA84-39F5-4C19-8A98-8A2B7007B3D8}.Net20-Release|Any CPU.Build.0 = Release|Any CPU
		{5006EA84-39F5-4C19-8A98-8A2B7007B3D8}.Net20-Release|x86.ActiveCfg = Release|x86
		{5006EA84-39F5-4C19-8A98-8A2B7007B3D8}.Net20-Release|x86.Build.0 = Release|x86
		{5006EA84-39F5-4C19-8A98-8A2B7007B3D8}.Net45-Debug|Any CPU.ActiveCfg = Debug|Any CPU
		{5006EA84-39F5-4C19-8A98-8A2B7007B3D8}.Net45-Debug|Any CPU.Build.0 = Debug|Any CPU
		{5006EA84-39F5-4C19-8A98-8A2B7007B3D8}.Net45-Debug|x86.ActiveCfg = Debug|x86
		{5006EA84-39F5-4C19-8A98-8A2B7007B3D8}.Net45-Debug|x86.Build.0 = Debug|x86
		{5006EA84-39F5-4C19-8A98-8A2B7007B3D8}.Net45-Release|Any CPU.ActiveCfg = Release|Any CPU
		{5006EA84-39F5-4C19-8A98-8A2B7007B3D8}.Net45-Release|Any CPU.Build.0 = Release|Any CPU
		{5006EA84-39F5-4C19-8A98-8A2B7007B3D8}.Net45-Release|x86.ActiveCfg = Release|x86
		{5006EA84-39F5-4C19-8A98-8A2B7007B3D8}.Net45-Release|x86.Build.0 = Release|x86
		{5006EA84-39F5-4C19-8A98-8A2B7007B3D8}.Release|Any CPU.ActiveCfg = Release|Any CPU
		{5006EA84-39F5-4C19-8A98-8A2B7007B3D8}.Release|Any CPU.Build.0 = Release|Any CPU
		{5006EA84-39F5-4C19-8A98-8A2B7007B3D8}.Release|x86.ActiveCfg = Release|x86
		{5006EA84-39F5-4C19-8A98-8A2B7007B3D8}.Release|x86.Build.0 = Release|x86
		{1D64C161-4597-4C01-BEB9-D5D989420CB6}.Debug|Any CPU.ActiveCfg = Debug|Any CPU
		{1D64C161-4597-4C01-BEB9-D5D989420CB6}.Debug|Any CPU.Build.0 = Debug|Any CPU
		{1D64C161-4597-4C01-BEB9-D5D989420CB6}.Debug|x86.ActiveCfg = Debug|Any CPU
		{1D64C161-4597-4C01-BEB9-D5D989420CB6}.Debug|x86.Build.0 = Debug|Any CPU
		{1D64C161-4597-4C01-BEB9-D5D989420CB6}.Debug-Client|Any CPU.ActiveCfg = Debug|Any CPU
		{1D64C161-4597-4C01-BEB9-D5D989420CB6}.Debug-Client|Any CPU.Build.0 = Debug|Any CPU
		{1D64C161-4597-4C01-BEB9-D5D989420CB6}.Debug-Client|x86.ActiveCfg = Debug|Any CPU
		{1D64C161-4597-4C01-BEB9-D5D989420CB6}.Debug-Client|x86.Build.0 = Debug|Any CPU
		{1D64C161-4597-4C01-BEB9-D5D989420CB6}.Debug-Server|Any CPU.ActiveCfg = Debug|Any CPU
		{1D64C161-4597-4C01-BEB9-D5D989420CB6}.Debug-Server|Any CPU.Build.0 = Debug|Any CPU
		{1D64C161-4597-4C01-BEB9-D5D989420CB6}.Debug-Server|x86.ActiveCfg = Debug|Any CPU
		{1D64C161-4597-4C01-BEB9-D5D989420CB6}.Debug-Server|x86.Build.0 = Debug|Any CPU
		{1D64C161-4597-4C01-BEB9-D5D989420CB6}.LibraryRelease|Any CPU.ActiveCfg = Release|Any CPU
		{1D64C161-4597-4C01-BEB9-D5D989420CB6}.LibraryRelease|Any CPU.Build.0 = Release|Any CPU
		{1D64C161-4597-4C01-BEB9-D5D989420CB6}.LibraryRelease|x86.ActiveCfg = Release|Any CPU
		{1D64C161-4597-4C01-BEB9-D5D989420CB6}.LibraryRelease|x86.Build.0 = Release|Any CPU
		{1D64C161-4597-4C01-BEB9-D5D989420CB6}.Net20-Debug|Any CPU.ActiveCfg = Debug|Any CPU
		{1D64C161-4597-4C01-BEB9-D5D989420CB6}.Net20-Debug|Any CPU.Build.0 = Debug|Any CPU
		{1D64C161-4597-4C01-BEB9-D5D989420CB6}.Net20-Debug|x86.ActiveCfg = Debug|Any CPU
		{1D64C161-4597-4C01-BEB9-D5D989420CB6}.Net20-Debug|x86.Build.0 = Debug|Any CPU
		{1D64C161-4597-4C01-BEB9-D5D989420CB6}.Net20-Release|Any CPU.ActiveCfg = Release|Any CPU
		{1D64C161-4597-4C01-BEB9-D5D989420CB6}.Net20-Release|Any CPU.Build.0 = Release|Any CPU
		{1D64C161-4597-4C01-BEB9-D5D989420CB6}.Net20-Release|x86.ActiveCfg = Release|Any CPU
		{1D64C161-4597-4C01-BEB9-D5D989420CB6}.Net20-Release|x86.Build.0 = Release|Any CPU
		{1D64C161-4597-4C01-BEB9-D5D989420CB6}.Net45-Debug|Any CPU.ActiveCfg = Debug|Any CPU
		{1D64C161-4597-4C01-BEB9-D5D989420CB6}.Net45-Debug|Any CPU.Build.0 = Debug|Any CPU
		{1D64C161-4597-4C01-BEB9-D5D989420CB6}.Net45-Debug|x86.ActiveCfg = Debug|Any CPU
		{1D64C161-4597-4C01-BEB9-D5D989420CB6}.Net45-Debug|x86.Build.0 = Debug|Any CPU
		{1D64C161-4597-4C01-BEB9-D5D989420CB6}.Net45-Release|Any CPU.ActiveCfg = Release|Any CPU
		{1D64C161-4597-4C01-BEB9-D5D989420CB6}.Net45-Release|Any CPU.Build.0 = Release|Any CPU
		{1D64C161-4597-4C01-BEB9-D5D989420CB6}.Net45-Release|x86.ActiveCfg = Release|Any CPU
		{1D64C161-4597-4C01-BEB9-D5D989420CB6}.Net45-Release|x86.Build.0 = Release|Any CPU
		{1D64C161-4597-4C01-BEB9-D5D989420CB6}.Release|Any CPU.ActiveCfg = Release|Any CPU
		{1D64C161-4597-4C01-BEB9-D5D989420CB6}.Release|Any CPU.Build.0 = Release|Any CPU
		{1D64C161-4597-4C01-BEB9-D5D989420CB6}.Release|x86.ActiveCfg = Release|Any CPU
		{1D64C161-4597-4C01-BEB9-D5D989420CB6}.Release|x86.Build.0 = Release|Any CPU
		{4A7A056C-CB90-4F29-95DE-EAC471A6CBD7}.Debug|Any CPU.ActiveCfg = Debug|Any CPU
		{4A7A056C-CB90-4F29-95DE-EAC471A6CBD7}.Debug|Any CPU.Build.0 = Debug|Any CPU
		{4A7A056C-CB90-4F29-95DE-EAC471A6CBD7}.Debug|x86.ActiveCfg = Debug|Any CPU
		{4A7A056C-CB90-4F29-95DE-EAC471A6CBD7}.Debug|x86.Build.0 = Debug|Any CPU
		{4A7A056C-CB90-4F29-95DE-EAC471A6CBD7}.Debug-Client|Any CPU.ActiveCfg = Debug-Client|Any CPU
		{4A7A056C-CB90-4F29-95DE-EAC471A6CBD7}.Debug-Client|Any CPU.Build.0 = Debug-Client|Any CPU
		{4A7A056C-CB90-4F29-95DE-EAC471A6CBD7}.Debug-Client|x86.ActiveCfg = Debug-Client|Any CPU
		{4A7A056C-CB90-4F29-95DE-EAC471A6CBD7}.Debug-Client|x86.Build.0 = Debug-Client|Any CPU
		{4A7A056C-CB90-4F29-95DE-EAC471A6CBD7}.Debug-Server|Any CPU.ActiveCfg = Debug-Server|Any CPU
		{4A7A056C-CB90-4F29-95DE-EAC471A6CBD7}.Debug-Server|Any CPU.Build.0 = Debug-Server|Any CPU
		{4A7A056C-CB90-4F29-95DE-EAC471A6CBD7}.Debug-Server|x86.ActiveCfg = Debug-Server|Any CPU
		{4A7A056C-CB90-4F29-95DE-EAC471A6CBD7}.Debug-Server|x86.Build.0 = Debug-Server|Any CPU
		{4A7A056C-CB90-4F29-95DE-EAC471A6CBD7}.LibraryRelease|Any CPU.ActiveCfg = Release|Any CPU
		{4A7A056C-CB90-4F29-95DE-EAC471A6CBD7}.LibraryRelease|Any CPU.Build.0 = Release|Any CPU
		{4A7A056C-CB90-4F29-95DE-EAC471A6CBD7}.LibraryRelease|x86.ActiveCfg = Release|Any CPU
		{4A7A056C-CB90-4F29-95DE-EAC471A6CBD7}.LibraryRelease|x86.Build.0 = Release|Any CPU
		{4A7A056C-CB90-4F29-95DE-EAC471A6CBD7}.Net20-Debug|Any CPU.ActiveCfg = Debug|Any CPU
		{4A7A056C-CB90-4F29-95DE-EAC471A6CBD7}.Net20-Debug|Any CPU.Build.0 = Debug|Any CPU
		{4A7A056C-CB90-4F29-95DE-EAC471A6CBD7}.Net20-Debug|x86.ActiveCfg = Debug|Any CPU
		{4A7A056C-CB90-4F29-95DE-EAC471A6CBD7}.Net20-Debug|x86.Build.0 = Debug|Any CPU
		{4A7A056C-CB90-4F29-95DE-EAC471A6CBD7}.Net20-Release|Any CPU.ActiveCfg = Release|Any CPU
		{4A7A056C-CB90-4F29-95DE-EAC471A6CBD7}.Net20-Release|Any CPU.Build.0 = Release|Any CPU
		{4A7A056C-CB90-4F29-95DE-EAC471A6CBD7}.Net20-Release|x86.ActiveCfg = Release|Any CPU
		{4A7A056C-CB90-4F29-95DE-EAC471A6CBD7}.Net20-Release|x86.Build.0 = Release|Any CPU
		{4A7A056C-CB90-4F29-95DE-EAC471A6CBD7}.Net45-Debug|Any CPU.ActiveCfg = Debug|Any CPU
		{4A7A056C-CB90-4F29-95DE-EAC471A6CBD7}.Net45-Debug|Any CPU.Build.0 = Debug|Any CPU
		{4A7A056C-CB90-4F29-95DE-EAC471A6CBD7}.Net45-Debug|x86.ActiveCfg = Debug|Any CPU
		{4A7A056C-CB90-4F29-95DE-EAC471A6CBD7}.Net45-Debug|x86.Build.0 = Debug|Any CPU
		{4A7A056C-CB90-4F29-95DE-EAC471A6CBD7}.Net45-Release|Any CPU.ActiveCfg = Release|Any CPU
		{4A7A056C-CB90-4F29-95DE-EAC471A6CBD7}.Net45-Release|Any CPU.Build.0 = Release|Any CPU
		{4A7A056C-CB90-4F29-95DE-EAC471A6CBD7}.Net45-Release|x86.ActiveCfg = Release|Any CPU
		{4A7A056C-CB90-4F29-95DE-EAC471A6CBD7}.Net45-Release|x86.Build.0 = Release|Any CPU
		{4A7A056C-CB90-4F29-95DE-EAC471A6CBD7}.Release|Any CPU.ActiveCfg = Release|Any CPU
		{4A7A056C-CB90-4F29-95DE-EAC471A6CBD7}.Release|Any CPU.Build.0 = Release|Any CPU
		{4A7A056C-CB90-4F29-95DE-EAC471A6CBD7}.Release|x86.ActiveCfg = Release|Any CPU
		{4A7A056C-CB90-4F29-95DE-EAC471A6CBD7}.Release|x86.Build.0 = Release|Any CPU
		{E028B740-9EBB-491B-8080-CDED0AAD2F92}.Debug|Any CPU.ActiveCfg = Debug|Any CPU
		{E028B740-9EBB-491B-8080-CDED0AAD2F92}.Debug|Any CPU.Build.0 = Debug|Any CPU
		{E028B740-9EBB-491B-8080-CDED0AAD2F92}.Debug|x86.ActiveCfg = Debug|x86
		{E028B740-9EBB-491B-8080-CDED0AAD2F92}.Debug|x86.Build.0 = Debug|x86
		{E028B740-9EBB-491B-8080-CDED0AAD2F92}.Debug-Client|Any CPU.ActiveCfg = Debug|Any CPU
		{E028B740-9EBB-491B-8080-CDED0AAD2F92}.Debug-Client|Any CPU.Build.0 = Debug|Any CPU
		{E028B740-9EBB-491B-8080-CDED0AAD2F92}.Debug-Client|x86.ActiveCfg = Debug|x86
		{E028B740-9EBB-491B-8080-CDED0AAD2F92}.Debug-Client|x86.Build.0 = Debug|x86
		{E028B740-9EBB-491B-8080-CDED0AAD2F92}.Debug-Server|Any CPU.ActiveCfg = Debug|Any CPU
		{E028B740-9EBB-491B-8080-CDED0AAD2F92}.Debug-Server|Any CPU.Build.0 = Debug|Any CPU
		{E028B740-9EBB-491B-8080-CDED0AAD2F92}.Debug-Server|x86.ActiveCfg = Debug|x86
		{E028B740-9EBB-491B-8080-CDED0AAD2F92}.Debug-Server|x86.Build.0 = Debug|x86
		{E028B740-9EBB-491B-8080-CDED0AAD2F92}.LibraryRelease|Any CPU.ActiveCfg = Release|Any CPU
		{E028B740-9EBB-491B-8080-CDED0AAD2F92}.LibraryRelease|Any CPU.Build.0 = Release|Any CPU
		{E028B740-9EBB-491B-8080-CDED0AAD2F92}.LibraryRelease|x86.ActiveCfg = Release|x86
		{E028B740-9EBB-491B-8080-CDED0AAD2F92}.LibraryRelease|x86.Build.0 = Release|x86
		{E028B740-9EBB-491B-8080-CDED0AAD2F92}.Net20-Debug|Any CPU.ActiveCfg = Debug|Any CPU
		{E028B740-9EBB-491B-8080-CDED0AAD2F92}.Net20-Debug|Any CPU.Build.0 = Debug|Any CPU
		{E028B740-9EBB-491B-8080-CDED0AAD2F92}.Net20-Debug|x86.ActiveCfg = Debug|x86
		{E028B740-9EBB-491B-8080-CDED0AAD2F92}.Net20-Debug|x86.Build.0 = Debug|x86
		{E028B740-9EBB-491B-8080-CDED0AAD2F92}.Net20-Release|Any CPU.ActiveCfg = Release|Any CPU
		{E028B740-9EBB-491B-8080-CDED0AAD2F92}.Net20-Release|Any CPU.Build.0 = Release|Any CPU
		{E028B740-9EBB-491B-8080-CDED0AAD2F92}.Net20-Release|x86.ActiveCfg = Release|x86
		{E028B740-9EBB-491B-8080-CDED0AAD2F92}.Net20-Release|x86.Build.0 = Release|x86
		{E028B740-9EBB-491B-8080-CDED0AAD2F92}.Net45-Debug|Any CPU.ActiveCfg = Debug|Any CPU
		{E028B740-9EBB-491B-8080-CDED0AAD2F92}.Net45-Debug|Any CPU.Build.0 = Debug|Any CPU
		{E028B740-9EBB-491B-8080-CDED0AAD2F92}.Net45-Debug|x86.ActiveCfg = Debug|x86
		{E028B740-9EBB-491B-8080-CDED0AAD2F92}.Net45-Debug|x86.Build.0 = Debug|x86
		{E028B740-9EBB-491B-8080-CDED0AAD2F92}.Net45-Release|Any CPU.ActiveCfg = Release|Any CPU
		{E028B740-9EBB-491B-8080-CDED0AAD2F92}.Net45-Release|Any CPU.Build.0 = Release|Any CPU
		{E028B740-9EBB-491B-8080-CDED0AAD2F92}.Net45-Release|x86.ActiveCfg = Release|x86
		{E028B740-9EBB-491B-8080-CDED0AAD2F92}.Net45-Release|x86.Build.0 = Release|x86
		{E028B740-9EBB-491B-8080-CDED0AAD2F92}.Release|Any CPU.ActiveCfg = Release|Any CPU
		{E028B740-9EBB-491B-8080-CDED0AAD2F92}.Release|Any CPU.Build.0 = Release|Any CPU
		{E028B740-9EBB-491B-8080-CDED0AAD2F92}.Release|x86.ActiveCfg = Release|x86
		{E028B740-9EBB-491B-8080-CDED0AAD2F92}.Release|x86.Build.0 = Release|x86
		{B0CC1037-B38D-4DD1-A912-B1E5C75D7323}.Debug|Any CPU.ActiveCfg = Debug|Any CPU
		{B0CC1037-B38D-4DD1-A912-B1E5C75D7323}.Debug|Any CPU.Build.0 = Debug|Any CPU
		{B0CC1037-B38D-4DD1-A912-B1E5C75D7323}.Debug|x86.ActiveCfg = Debug|x86
		{B0CC1037-B38D-4DD1-A912-B1E5C75D7323}.Debug|x86.Build.0 = Debug|x86
		{B0CC1037-B38D-4DD1-A912-B1E5C75D7323}.Debug-Client|Any CPU.ActiveCfg = Debug|Any CPU
		{B0CC1037-B38D-4DD1-A912-B1E5C75D7323}.Debug-Client|Any CPU.Build.0 = Debug|Any CPU
		{B0CC1037-B38D-4DD1-A912-B1E5C75D7323}.Debug-Client|x86.ActiveCfg = Debug|x86
		{B0CC1037-B38D-4DD1-A912-B1E5C75D7323}.Debug-Client|x86.Build.0 = Debug|x86
		{B0CC1037-B38D-4DD1-A912-B1E5C75D7323}.Debug-Server|Any CPU.ActiveCfg = Debug|Any CPU
		{B0CC1037-B38D-4DD1-A912-B1E5C75D7323}.Debug-Server|Any CPU.Build.0 = Debug|Any CPU
		{B0CC1037-B38D-4DD1-A912-B1E5C75D7323}.Debug-Server|x86.ActiveCfg = Debug|x86
		{B0CC1037-B38D-4DD1-A912-B1E5C75D7323}.Debug-Server|x86.Build.0 = Debug|x86
		{B0CC1037-B38D-4DD1-A912-B1E5C75D7323}.LibraryRelease|Any CPU.ActiveCfg = Release|Any CPU
		{B0CC1037-B38D-4DD1-A912-B1E5C75D7323}.LibraryRelease|Any CPU.Build.0 = Release|Any CPU
		{B0CC1037-B38D-4DD1-A912-B1E5C75D7323}.LibraryRelease|x86.ActiveCfg = Release|x86
		{B0CC1037-B38D-4DD1-A912-B1E5C75D7323}.LibraryRelease|x86.Build.0 = Release|x86
		{B0CC1037-B38D-4DD1-A912-B1E5C75D7323}.Net20-Debug|Any CPU.ActiveCfg = Debug|Any CPU
		{B0CC1037-B38D-4DD1-A912-B1E5C75D7323}.Net20-Debug|Any CPU.Build.0 = Debug|Any CPU
		{B0CC1037-B38D-4DD1-A912-B1E5C75D7323}.Net20-Debug|x86.ActiveCfg = Debug|x86
		{B0CC1037-B38D-4DD1-A912-B1E5C75D7323}.Net20-Debug|x86.Build.0 = Debug|x86
		{B0CC1037-B38D-4DD1-A912-B1E5C75D7323}.Net20-Release|Any CPU.ActiveCfg = Release|Any CPU
		{B0CC1037-B38D-4DD1-A912-B1E5C75D7323}.Net20-Release|Any CPU.Build.0 = Release|Any CPU
		{B0CC1037-B38D-4DD1-A912-B1E5C75D7323}.Net20-Release|x86.ActiveCfg = Release|x86
		{B0CC1037-B38D-4DD1-A912-B1E5C75D7323}.Net20-Release|x86.Build.0 = Release|x86
		{B0CC1037-B38D-4DD1-A912-B1E5C75D7323}.Net45-Debug|Any CPU.ActiveCfg = Debug|Any CPU
		{B0CC1037-B38D-4DD1-A912-B1E5C75D7323}.Net45-Debug|Any CPU.Build.0 = Debug|Any CPU
		{B0CC1037-B38D-4DD1-A912-B1E5C75D7323}.Net45-Debug|x86.ActiveCfg = Debug|x86
		{B0CC1037-B38D-4DD1-A912-B1E5C75D7323}.Net45-Debug|x86.Build.0 = Debug|x86
		{B0CC1037-B38D-4DD1-A912-B1E5C75D7323}.Net45-Release|Any CPU.ActiveCfg = Release|Any CPU
		{B0CC1037-B38D-4DD1-A912-B1E5C75D7323}.Net45-Release|Any CPU.Build.0 = Release|Any CPU
		{B0CC1037-B38D-4DD1-A912-B1E5C75D7323}.Net45-Release|x86.ActiveCfg = Release|x86
		{B0CC1037-B38D-4DD1-A912-B1E5C75D7323}.Net45-Release|x86.Build.0 = Release|x86
		{B0CC1037-B38D-4DD1-A912-B1E5C75D7323}.Release|Any CPU.ActiveCfg = Release|Any CPU
		{B0CC1037-B38D-4DD1-A912-B1E5C75D7323}.Release|Any CPU.Build.0 = Release|Any CPU
		{B0CC1037-B38D-4DD1-A912-B1E5C75D7323}.Release|x86.ActiveCfg = Release|x86
		{B0CC1037-B38D-4DD1-A912-B1E5C75D7323}.Release|x86.Build.0 = Release|x86
		{32DBA08D-6204-428F-BDF0-E7CFB8FAB744}.Debug|Any CPU.ActiveCfg = Debug|Any CPU
		{32DBA08D-6204-428F-BDF0-E7CFB8FAB744}.Debug|Any CPU.Build.0 = Debug|Any CPU
		{32DBA08D-6204-428F-BDF0-E7CFB8FAB744}.Debug|x86.ActiveCfg = Debug|x86
		{32DBA08D-6204-428F-BDF0-E7CFB8FAB744}.Debug|x86.Build.0 = Debug|x86
		{32DBA08D-6204-428F-BDF0-E7CFB8FAB744}.Debug-Client|Any CPU.ActiveCfg = Debug|Any CPU
		{32DBA08D-6204-428F-BDF0-E7CFB8FAB744}.Debug-Client|Any CPU.Build.0 = Debug|Any CPU
		{32DBA08D-6204-428F-BDF0-E7CFB8FAB744}.Debug-Client|x86.ActiveCfg = Debug|x86
		{32DBA08D-6204-428F-BDF0-E7CFB8FAB744}.Debug-Client|x86.Build.0 = Debug|x86
		{32DBA08D-6204-428F-BDF0-E7CFB8FAB744}.Debug-Server|Any CPU.ActiveCfg = Debug|Any CPU
		{32DBA08D-6204-428F-BDF0-E7CFB8FAB744}.Debug-Server|Any CPU.Build.0 = Debug|Any CPU
		{32DBA08D-6204-428F-BDF0-E7CFB8FAB744}.Debug-Server|x86.ActiveCfg = Debug|x86
		{32DBA08D-6204-428F-BDF0-E7CFB8FAB744}.Debug-Server|x86.Build.0 = Debug|x86
		{32DBA08D-6204-428F-BDF0-E7CFB8FAB744}.LibraryRelease|Any CPU.ActiveCfg = Release|Any CPU
		{32DBA08D-6204-428F-BDF0-E7CFB8FAB744}.LibraryRelease|Any CPU.Build.0 = Release|Any CPU
		{32DBA08D-6204-428F-BDF0-E7CFB8FAB744}.LibraryRelease|x86.ActiveCfg = Release|x86
		{32DBA08D-6204-428F-BDF0-E7CFB8FAB744}.LibraryRelease|x86.Build.0 = Release|x86
		{32DBA08D-6204-428F-BDF0-E7CFB8FAB744}.Net20-Debug|Any CPU.ActiveCfg = Debug|Any CPU
		{32DBA08D-6204-428F-BDF0-E7CFB8FAB744}.Net20-Debug|Any CPU.Build.0 = Debug|Any CPU
		{32DBA08D-6204-428F-BDF0-E7CFB8FAB744}.Net20-Debug|x86.ActiveCfg = Debug|x86
		{32DBA08D-6204-428F-BDF0-E7CFB8FAB744}.Net20-Debug|x86.Build.0 = Debug|x86
		{32DBA08D-6204-428F-BDF0-E7CFB8FAB744}.Net20-Release|Any CPU.ActiveCfg = Release|Any CPU
		{32DBA08D-6204-428F-BDF0-E7CFB8FAB744}.Net20-Release|Any CPU.Build.0 = Release|Any CPU
		{32DBA08D-6204-428F-BDF0-E7CFB8FAB744}.Net20-Release|x86.ActiveCfg = Release|x86
		{32DBA08D-6204-428F-BDF0-E7CFB8FAB744}.Net20-Release|x86.Build.0 = Release|x86
		{32DBA08D-6204-428F-BDF0-E7CFB8FAB744}.Net45-Debug|Any CPU.ActiveCfg = Debug|Any CPU
		{32DBA08D-6204-428F-BDF0-E7CFB8FAB744}.Net45-Debug|Any CPU.Build.0 = Debug|Any CPU
		{32DBA08D-6204-428F-BDF0-E7CFB8FAB744}.Net45-Debug|x86.ActiveCfg = Debug|x86
		{32DBA08D-6204-428F-BDF0-E7CFB8FAB744}.Net45-Debug|x86.Build.0 = Debug|x86
		{32DBA08D-6204-428F-BDF0-E7CFB8FAB744}.Net45-Release|Any CPU.ActiveCfg = Release|Any CPU
		{32DBA08D-6204-428F-BDF0-E7CFB8FAB744}.Net45-Release|Any CPU.Build.0 = Release|Any CPU
		{32DBA08D-6204-428F-BDF0-E7CFB8FAB744}.Net45-Release|x86.ActiveCfg = Release|x86
		{32DBA08D-6204-428F-BDF0-E7CFB8FAB744}.Net45-Release|x86.Build.0 = Release|x86
		{32DBA08D-6204-428F-BDF0-E7CFB8FAB744}.Release|Any CPU.ActiveCfg = Release|Any CPU
		{32DBA08D-6204-428F-BDF0-E7CFB8FAB744}.Release|Any CPU.Build.0 = Release|Any CPU
		{32DBA08D-6204-428F-BDF0-E7CFB8FAB744}.Release|x86.ActiveCfg = Release|x86
		{32DBA08D-6204-428F-BDF0-E7CFB8FAB744}.Release|x86.Build.0 = Release|x86
		{CE20C42F-B4F3-4BF9-B16A-988C2DB2E14A}.Debug|Any CPU.ActiveCfg = Debug|Any CPU
		{CE20C42F-B4F3-4BF9-B16A-988C2DB2E14A}.Debug|Any CPU.Build.0 = Debug|Any CPU
		{CE20C42F-B4F3-4BF9-B16A-988C2DB2E14A}.Debug|x86.ActiveCfg = Debug|x86
		{CE20C42F-B4F3-4BF9-B16A-988C2DB2E14A}.Debug|x86.Build.0 = Debug|x86
		{CE20C42F-B4F3-4BF9-B16A-988C2DB2E14A}.Debug-Client|Any CPU.ActiveCfg = Debug|Any CPU
		{CE20C42F-B4F3-4BF9-B16A-988C2DB2E14A}.Debug-Client|Any CPU.Build.0 = Debug|Any CPU
		{CE20C42F-B4F3-4BF9-B16A-988C2DB2E14A}.Debug-Client|x86.ActiveCfg = Debug|x86
		{CE20C42F-B4F3-4BF9-B16A-988C2DB2E14A}.Debug-Client|x86.Build.0 = Debug|x86
		{CE20C42F-B4F3-4BF9-B16A-988C2DB2E14A}.Debug-Server|Any CPU.ActiveCfg = Debug|Any CPU
		{CE20C42F-B4F3-4BF9-B16A-988C2DB2E14A}.Debug-Server|Any CPU.Build.0 = Debug|Any CPU
		{CE20C42F-B4F3-4BF9-B16A-988C2DB2E14A}.Debug-Server|x86.ActiveCfg = Debug|x86
		{CE20C42F-B4F3-4BF9-B16A-988C2DB2E14A}.Debug-Server|x86.Build.0 = Debug|x86
		{CE20C42F-B4F3-4BF9-B16A-988C2DB2E14A}.LibraryRelease|Any CPU.ActiveCfg = Release|Any CPU
		{CE20C42F-B4F3-4BF9-B16A-988C2DB2E14A}.LibraryRelease|Any CPU.Build.0 = Release|Any CPU
		{CE20C42F-B4F3-4BF9-B16A-988C2DB2E14A}.LibraryRelease|x86.ActiveCfg = Release|x86
		{CE20C42F-B4F3-4BF9-B16A-988C2DB2E14A}.LibraryRelease|x86.Build.0 = Release|x86
		{CE20C42F-B4F3-4BF9-B16A-988C2DB2E14A}.Net20-Debug|Any CPU.ActiveCfg = Debug|Any CPU
		{CE20C42F-B4F3-4BF9-B16A-988C2DB2E14A}.Net20-Debug|Any CPU.Build.0 = Debug|Any CPU
		{CE20C42F-B4F3-4BF9-B16A-988C2DB2E14A}.Net20-Debug|x86.ActiveCfg = Debug|x86
		{CE20C42F-B4F3-4BF9-B16A-988C2DB2E14A}.Net20-Debug|x86.Build.0 = Debug|x86
		{CE20C42F-B4F3-4BF9-B16A-988C2DB2E14A}.Net20-Release|Any CPU.ActiveCfg = Release|Any CPU
		{CE20C42F-B4F3-4BF9-B16A-988C2DB2E14A}.Net20-Release|Any CPU.Build.0 = Release|Any CPU
		{CE20C42F-B4F3-4BF9-B16A-988C2DB2E14A}.Net20-Release|x86.ActiveCfg = Release|x86
		{CE20C42F-B4F3-4BF9-B16A-988C2DB2E14A}.Net20-Release|x86.Build.0 = Release|x86
		{CE20C42F-B4F3-4BF9-B16A-988C2DB2E14A}.Net45-Debug|Any CPU.ActiveCfg = Debug|Any CPU
		{CE20C42F-B4F3-4BF9-B16A-988C2DB2E14A}.Net45-Debug|Any CPU.Build.0 = Debug|Any CPU
		{CE20C42F-B4F3-4BF9-B16A-988C2DB2E14A}.Net45-Debug|x86.ActiveCfg = Debug|x86
		{CE20C42F-B4F3-4BF9-B16A-988C2DB2E14A}.Net45-Debug|x86.Build.0 = Debug|x86
		{CE20C42F-B4F3-4BF9-B16A-988C2DB2E14A}.Net45-Release|Any CPU.ActiveCfg = Release|Any CPU
		{CE20C42F-B4F3-4BF9-B16A-988C2DB2E14A}.Net45-Release|Any CPU.Build.0 = Release|Any CPU
		{CE20C42F-B4F3-4BF9-B16A-988C2DB2E14A}.Net45-Release|x86.ActiveCfg = Release|x86
		{CE20C42F-B4F3-4BF9-B16A-988C2DB2E14A}.Net45-Release|x86.Build.0 = Release|x86
		{CE20C42F-B4F3-4BF9-B16A-988C2DB2E14A}.Release|Any CPU.ActiveCfg = Release|Any CPU
		{CE20C42F-B4F3-4BF9-B16A-988C2DB2E14A}.Release|Any CPU.Build.0 = Release|Any CPU
		{CE20C42F-B4F3-4BF9-B16A-988C2DB2E14A}.Release|x86.ActiveCfg = Release|x86
		{CE20C42F-B4F3-4BF9-B16A-988C2DB2E14A}.Release|x86.Build.0 = Release|x86
		{261992D6-E223-4F2F-AC06-9F521716F1FC}.Debug|Any CPU.ActiveCfg = Debug|Any CPU
		{261992D6-E223-4F2F-AC06-9F521716F1FC}.Debug|Any CPU.Build.0 = Debug|Any CPU
		{261992D6-E223-4F2F-AC06-9F521716F1FC}.Debug|x86.ActiveCfg = Debug|x86
		{261992D6-E223-4F2F-AC06-9F521716F1FC}.Debug|x86.Build.0 = Debug|x86
		{261992D6-E223-4F2F-AC06-9F521716F1FC}.Debug-Client|Any CPU.ActiveCfg = Debug|Any CPU
		{261992D6-E223-4F2F-AC06-9F521716F1FC}.Debug-Client|Any CPU.Build.0 = Debug|Any CPU
		{261992D6-E223-4F2F-AC06-9F521716F1FC}.Debug-Client|x86.ActiveCfg = Debug|x86
		{261992D6-E223-4F2F-AC06-9F521716F1FC}.Debug-Client|x86.Build.0 = Debug|x86
		{261992D6-E223-4F2F-AC06-9F521716F1FC}.Debug-Server|Any CPU.ActiveCfg = Debug|Any CPU
		{261992D6-E223-4F2F-AC06-9F521716F1FC}.Debug-Server|Any CPU.Build.0 = Debug|Any CPU
		{261992D6-E223-4F2F-AC06-9F521716F1FC}.Debug-Server|x86.ActiveCfg = Debug|x86
		{261992D6-E223-4F2F-AC06-9F521716F1FC}.Debug-Server|x86.Build.0 = Debug|x86
		{261992D6-E223-4F2F-AC06-9F521716F1FC}.LibraryRelease|Any CPU.ActiveCfg = Release|Any CPU
		{261992D6-E223-4F2F-AC06-9F521716F1FC}.LibraryRelease|Any CPU.Build.0 = Release|Any CPU
		{261992D6-E223-4F2F-AC06-9F521716F1FC}.LibraryRelease|x86.ActiveCfg = Release|x86
		{261992D6-E223-4F2F-AC06-9F521716F1FC}.LibraryRelease|x86.Build.0 = Release|x86
		{261992D6-E223-4F2F-AC06-9F521716F1FC}.Net20-Debug|Any CPU.ActiveCfg = Debug|Any CPU
		{261992D6-E223-4F2F-AC06-9F521716F1FC}.Net20-Debug|Any CPU.Build.0 = Debug|Any CPU
		{261992D6-E223-4F2F-AC06-9F521716F1FC}.Net20-Debug|x86.ActiveCfg = Debug|x86
		{261992D6-E223-4F2F-AC06-9F521716F1FC}.Net20-Debug|x86.Build.0 = Debug|x86
		{261992D6-E223-4F2F-AC06-9F521716F1FC}.Net20-Release|Any CPU.ActiveCfg = Release|Any CPU
		{261992D6-E223-4F2F-AC06-9F521716F1FC}.Net20-Release|Any CPU.Build.0 = Release|Any CPU
		{261992D6-E223-4F2F-AC06-9F521716F1FC}.Net20-Release|x86.ActiveCfg = Release|x86
		{261992D6-E223-4F2F-AC06-9F521716F1FC}.Net20-Release|x86.Build.0 = Release|x86
		{261992D6-E223-4F2F-AC06-9F521716F1FC}.Net45-Debug|Any CPU.ActiveCfg = Debug|Any CPU
		{261992D6-E223-4F2F-AC06-9F521716F1FC}.Net45-Debug|Any CPU.Build.0 = Debug|Any CPU
		{261992D6-E223-4F2F-AC06-9F521716F1FC}.Net45-Debug|x86.ActiveCfg = Debug|x86
		{261992D6-E223-4F2F-AC06-9F521716F1FC}.Net45-Debug|x86.Build.0 = Debug|x86
		{261992D6-E223-4F2F-AC06-9F521716F1FC}.Net45-Release|Any CPU.ActiveCfg = Release|Any CPU
		{261992D6-E223-4F2F-AC06-9F521716F1FC}.Net45-Release|Any CPU.Build.0 = Release|Any CPU
		{261992D6-E223-4F2F-AC06-9F521716F1FC}.Net45-Release|x86.ActiveCfg = Release|x86
		{261992D6-E223-4F2F-AC06-9F521716F1FC}.Net45-Release|x86.Build.0 = Release|x86
		{261992D6-E223-4F2F-AC06-9F521716F1FC}.Release|Any CPU.ActiveCfg = Release|Any CPU
		{261992D6-E223-4F2F-AC06-9F521716F1FC}.Release|Any CPU.Build.0 = Release|Any CPU
		{261992D6-E223-4F2F-AC06-9F521716F1FC}.Release|x86.ActiveCfg = Release|x86
		{261992D6-E223-4F2F-AC06-9F521716F1FC}.Release|x86.Build.0 = Release|x86
	EndGlobalSection
	GlobalSection(SolutionProperties) = preSolution
		HideSolutionNode = FALSE
	EndGlobalSection
	GlobalSection(ExtensibilityGlobals) = postSolution
		SolutionGuid = {25FA5C22-BB88-4787-9E51-C5153BE1294E}
	EndGlobalSection
EndGlobal
